
Microsoft Visual Studio Solution File, Format Version 12.00
# Visual Studio 15
VisualStudioVersion = 15.0.26430.16
MinimumVisualStudioVersion = 10.0.40219.1
Project("{2150E333-8FDC-42A3-9474-1A3956D46DE8}") = "lib", "lib", "{B379A764-9651-4DE0-A880-BC5A22037A5D}"
EndProject
Project("{2150E333-8FDC-42A3-9474-1A3956D46DE8}") = "tools", "tools", "{AE87AD43-B265-4AF3-9E4B-81678E259253}"
EndProject
Project("{2150E333-8FDC-42A3-9474-1A3956D46DE8}") = "editor", "editor", "{BBED2F3B-160B-4A7E-A648-4A261A89D90C}"
EndProject
Project("{FAE04EC0-301F-11D3-BF4B-00C04F79EFBC}") = "Xe.Tools.GameStudio", "Xe.Tools.GameStudio\Xe.Tools.GameStudio.csproj", "{5F1ABAB8-4758-4505-A243-E0B94CA5221C}"
EndProject
Project("{FAE04EC0-301F-11D3-BF4B-00C04F79EFBC}") = "Xe", "Xe\Xe.csproj", "{BA75A11C-559A-4EAF-A338-B7CFA4DC2DFC}"
EndProject
Project("{FAE04EC0-301F-11D3-BF4B-00C04F79EFBC}") = "Xe.Tools", "Xe.Tools\Xe.Tools.csproj", "{84785FA4-63D9-4CCE-BAF7-6D0A45ADD89B}"
EndProject
Project("{2150E333-8FDC-42A3-9474-1A3956D46DE8}") = "modules", "modules", "{8C7381ED-D68B-40D6-8E16-D37D137815FC}"
EndProject
Project("{FAE04EC0-301F-11D3-BF4B-00C04F79EFBC}") = "Xe.Tools.Modules", "Xe.Tools.Modules\Xe.Tools.Modules.csproj", "{19596819-8CDA-40F8-9488-BC75125B977F}"
EndProject
Project("{FAE04EC0-301F-11D3-BF4B-00C04F79EFBC}") = "Xe.Tools.Modules.Copy", "Xe.Tools.Modules.Copy\Xe.Tools.Modules.Copy.csproj", "{11D5A452-607B-4479-A0E6-B229F129EF86}"
EndProject
Project("{FAE04EC0-301F-11D3-BF4B-00C04F79EFBC}") = "Xe.Tools.Builder", "Xe.Tools.Builder\Xe.Tools.Builder.csproj", "{27819939-5FCA-483F-9EAB-889440922046}"
EndProject
Project("{FAE04EC0-301F-11D3-BF4B-00C04F79EFBC}") = "Xe.Tools.Modules.Animation", "Xe.Tools.Modules.Animation\Xe.Tools.Modules.Animation.csproj", "{947776A6-561E-440F-BCE8-C38D476EBCB1}"
EndProject
Project("{FAE04EC0-301F-11D3-BF4B-00C04F79EFBC}") = "Xe.Tools.Modules.Image", "Xe.Tools.Modules.Image\Xe.Tools.Modules.Image.csproj", "{8B5D1FEC-0F58-40C6-B832-C27D0F44CD1A}"
EndProject
Project("{FAE04EC0-301F-11D3-BF4B-00C04F79EFBC}") = "Xe.Tools.Components", "Xe.Tools.Components.Component\Xe.Tools.Components.csproj", "{0A9E80CC-C253-47E8-B99A-C211D91291D4}"
EndProject
Project("{2150E333-8FDC-42A3-9474-1A3956D46DE8}") = "legacy", "legacy", "{4491BD92-1B48-43C9-88E6-2EA889280851}"
EndProject
Project("{FAE04EC0-301F-11D3-BF4B-00C04F79EFBC}") = "libTools.Anim", "libTools.Anim\libTools.Anim.csproj", "{F06E381E-0D73-43FB-92BA-719CF5CC826B}"
EndProject
Project("{FAE04EC0-301F-11D3-BF4B-00C04F79EFBC}") = "libTools.Resources", "libTools.Resources\libTools.Resources.csproj", "{B9DE8434-335A-465F-A6E6-3B3E996B69D5}"
EndProject
Project("{FAE04EC0-301F-11D3-BF4B-00C04F79EFBC}") = "libTools", "libTools\libTools.csproj", "{9FCBADF0-AD60-4088-A379-7CACA6BD2743}"
EndProject
Project("{FAE04EC0-301F-11D3-BF4B-00C04F79EFBC}") = "Xe.Drawing", "Xe.Drawing\Xe.Drawing.csproj", "{69F4F945-9473-476A-A222-0348B91795D5}"
EndProject
Project("{FAE04EC0-301F-11D3-BF4B-00C04F79EFBC}") = "Xe.Drawing.GdiPlus", "Xe.Drawing.GdiPlus\Xe.Drawing.GdiPlus.csproj", "{80ECBD59-D578-4694-9AD2-EA4A7BDC47FA}"
EndProject
Project("{FAE04EC0-301F-11D3-BF4B-00C04F79EFBC}") = "Xe.Drawing.DirectX", "Xe.Drawing.DirectX\Xe.Drawing.DirectX.csproj", "{66349C96-4F83-4AF1-96F7-56716460AE6E}"
EndProject
Project("{FAE04EC0-301F-11D3-BF4B-00C04F79EFBC}") = "Xe.Tools.MapTest", "Xe.Tools.MapTest\Xe.Tools.MapTest.csproj", "{ACA37BA8-2029-4576-9D97-4E328F7F0DF4}"
EndProject
Project("{FAE04EC0-301F-11D3-BF4B-00C04F79EFBC}") = "libTools.Project", "libTools.Project\libTools.Project.csproj", "{72636DD9-A3EF-4701-B904-602C9A9008D3}"
EndProject
Project("{FAE04EC0-301F-11D3-BF4B-00C04F79EFBC}") = "Xe.Tools.Components.Image", "Xe.Tools.Components.Image\Xe.Tools.Components.Image.csproj", "{760C5295-9BEC-479F-BE8D-C7FB6B3389EC}"
EndProject
Project("{FAE04EC0-301F-11D3-BF4B-00C04F79EFBC}") = "Xe.Tools.Components.AnimationEditor", "Xe.Tools.Components.AnimationEditor\Xe.Tools.Components.AnimationEditor.csproj", "{A29DC7EB-E91C-479B-9E79-3E071EDF6E13}"
EndProject
Project("{FAE04EC0-301F-11D3-BF4B-00C04F79EFBC}") = "Xe.Tools.Wpf", "Xe.Tools.Wpf\Xe.Tools.Wpf.csproj", "{545D863A-CD36-4C79-A07F-CF82B718FC3E}"
EndProject
Project("{FAE04EC0-301F-11D3-BF4B-00C04F79EFBC}") = "Xe.Tools.Modules.Font", "Xe.Tools.Modules.Font\Xe.Tools.Modules.Font.csproj", "{2BCFC9FE-D961-41D4-BDC3-6FC3B7210DB9}"
EndProject
Project("{FAE04EC0-301F-11D3-BF4B-00C04F79EFBC}") = "Xe.Game", "Xe.Game\Xe.Game.csproj", "{4F3923B8-ACAF-415A-8971-69ACE86E735A}"
EndProject
Project("{FAE04EC0-301F-11D3-BF4B-00C04F79EFBC}") = "Xe.Game.Drawing", "Xe.Game.Drawing\Xe.Game.Drawing.csproj", "{356875B9-86C1-47CB-942F-1E8413EEC42D}"
EndProject
Project("{FAE04EC0-301F-11D3-BF4B-00C04F79EFBC}") = "Xe.Game.Tilemaps.TilemapTiled", "Xe.Game.Tilemaps.TilemapTiled\Xe.Game.Tilemaps.TilemapTiled.csproj", "{8186CEF3-FB20-4BCE-A838-80742CCD0EEA}"
EndProject
Project("{FAE04EC0-301F-11D3-BF4B-00C04F79EFBC}") = "Xe.Tools.Modules.Tiledmap", "Xe.Tools.Modules.Tiledmap\Xe.Tools.Modules.Tiledmap.csproj", "{AFF69391-A837-4A84-814B-2637DC185B60}"
EndProject
Project("{FAE04EC0-301F-11D3-BF4B-00C04F79EFBC}") = "Xe.Tools.Modules.Message", "Xe.Tools.Modules.Message\Xe.Tools.Modules.Message.csproj", "{A875A205-CAF0-4BC2-973C-F93DFC3CF066}"
EndProject
Project("{FAE04EC0-301F-11D3-BF4B-00C04F79EFBC}") = "Xe.Tools.Modules.Kernel", "Xe.Tools.Modules.Kernel\Xe.Tools.Modules.Kernel.csproj", "{8D329E63-5DAE-4C92-B417-CC96F601B98C}"
EndProject
Global
	GlobalSection(SolutionConfigurationPlatforms) = preSolution
		Debug|Any CPU = Debug|Any CPU
		Debug|ARM = Debug|ARM
		Debug|x64 = Debug|x64
		Debug|x86 = Debug|x86
		Release|Any CPU = Release|Any CPU
		Release|ARM = Release|ARM
		Release|x64 = Release|x64
		Release|x86 = Release|x86
	EndGlobalSection
	GlobalSection(ProjectConfigurationPlatforms) = postSolution
		{5F1ABAB8-4758-4505-A243-E0B94CA5221C}.Debug|Any CPU.ActiveCfg = Debug|Any CPU
		{5F1ABAB8-4758-4505-A243-E0B94CA5221C}.Debug|Any CPU.Build.0 = Debug|Any CPU
		{5F1ABAB8-4758-4505-A243-E0B94CA5221C}.Debug|ARM.ActiveCfg = Debug|Any CPU
		{5F1ABAB8-4758-4505-A243-E0B94CA5221C}.Debug|ARM.Build.0 = Debug|Any CPU
		{5F1ABAB8-4758-4505-A243-E0B94CA5221C}.Debug|x64.ActiveCfg = Debug|Any CPU
		{5F1ABAB8-4758-4505-A243-E0B94CA5221C}.Debug|x64.Build.0 = Debug|Any CPU
		{5F1ABAB8-4758-4505-A243-E0B94CA5221C}.Debug|x86.ActiveCfg = Debug|Any CPU
		{5F1ABAB8-4758-4505-A243-E0B94CA5221C}.Debug|x86.Build.0 = Debug|Any CPU
		{5F1ABAB8-4758-4505-A243-E0B94CA5221C}.Release|Any CPU.ActiveCfg = Release|Any CPU
		{5F1ABAB8-4758-4505-A243-E0B94CA5221C}.Release|Any CPU.Build.0 = Release|Any CPU
		{5F1ABAB8-4758-4505-A243-E0B94CA5221C}.Release|ARM.ActiveCfg = Release|Any CPU
		{5F1ABAB8-4758-4505-A243-E0B94CA5221C}.Release|ARM.Build.0 = Release|Any CPU
		{5F1ABAB8-4758-4505-A243-E0B94CA5221C}.Release|x64.ActiveCfg = Release|Any CPU
		{5F1ABAB8-4758-4505-A243-E0B94CA5221C}.Release|x64.Build.0 = Release|Any CPU
		{5F1ABAB8-4758-4505-A243-E0B94CA5221C}.Release|x86.ActiveCfg = Release|Any CPU
		{5F1ABAB8-4758-4505-A243-E0B94CA5221C}.Release|x86.Build.0 = Release|Any CPU
		{BA75A11C-559A-4EAF-A338-B7CFA4DC2DFC}.Debug|Any CPU.ActiveCfg = Debug|Any CPU
		{BA75A11C-559A-4EAF-A338-B7CFA4DC2DFC}.Debug|Any CPU.Build.0 = Debug|Any CPU
		{BA75A11C-559A-4EAF-A338-B7CFA4DC2DFC}.Debug|ARM.ActiveCfg = Debug|Any CPU
		{BA75A11C-559A-4EAF-A338-B7CFA4DC2DFC}.Debug|ARM.Build.0 = Debug|Any CPU
		{BA75A11C-559A-4EAF-A338-B7CFA4DC2DFC}.Debug|x64.ActiveCfg = Debug|Any CPU
		{BA75A11C-559A-4EAF-A338-B7CFA4DC2DFC}.Debug|x64.Build.0 = Debug|Any CPU
		{BA75A11C-559A-4EAF-A338-B7CFA4DC2DFC}.Debug|x86.ActiveCfg = Debug|Any CPU
		{BA75A11C-559A-4EAF-A338-B7CFA4DC2DFC}.Debug|x86.Build.0 = Debug|Any CPU
		{BA75A11C-559A-4EAF-A338-B7CFA4DC2DFC}.Release|Any CPU.ActiveCfg = Release|Any CPU
		{BA75A11C-559A-4EAF-A338-B7CFA4DC2DFC}.Release|Any CPU.Build.0 = Release|Any CPU
		{BA75A11C-559A-4EAF-A338-B7CFA4DC2DFC}.Release|ARM.ActiveCfg = Release|Any CPU
		{BA75A11C-559A-4EAF-A338-B7CFA4DC2DFC}.Release|ARM.Build.0 = Release|Any CPU
		{BA75A11C-559A-4EAF-A338-B7CFA4DC2DFC}.Release|x64.ActiveCfg = Release|Any CPU
		{BA75A11C-559A-4EAF-A338-B7CFA4DC2DFC}.Release|x64.Build.0 = Release|Any CPU
		{BA75A11C-559A-4EAF-A338-B7CFA4DC2DFC}.Release|x86.ActiveCfg = Release|Any CPU
		{BA75A11C-559A-4EAF-A338-B7CFA4DC2DFC}.Release|x86.Build.0 = Release|Any CPU
		{84785FA4-63D9-4CCE-BAF7-6D0A45ADD89B}.Debug|Any CPU.ActiveCfg = Debug|Any CPU
		{84785FA4-63D9-4CCE-BAF7-6D0A45ADD89B}.Debug|Any CPU.Build.0 = Debug|Any CPU
		{84785FA4-63D9-4CCE-BAF7-6D0A45ADD89B}.Debug|ARM.ActiveCfg = Debug|Any CPU
		{84785FA4-63D9-4CCE-BAF7-6D0A45ADD89B}.Debug|ARM.Build.0 = Debug|Any CPU
		{84785FA4-63D9-4CCE-BAF7-6D0A45ADD89B}.Debug|x64.ActiveCfg = Debug|Any CPU
		{84785FA4-63D9-4CCE-BAF7-6D0A45ADD89B}.Debug|x64.Build.0 = Debug|Any CPU
		{84785FA4-63D9-4CCE-BAF7-6D0A45ADD89B}.Debug|x86.ActiveCfg = Debug|Any CPU
		{84785FA4-63D9-4CCE-BAF7-6D0A45ADD89B}.Debug|x86.Build.0 = Debug|Any CPU
		{84785FA4-63D9-4CCE-BAF7-6D0A45ADD89B}.Release|Any CPU.ActiveCfg = Release|Any CPU
		{84785FA4-63D9-4CCE-BAF7-6D0A45ADD89B}.Release|Any CPU.Build.0 = Release|Any CPU
		{84785FA4-63D9-4CCE-BAF7-6D0A45ADD89B}.Release|ARM.ActiveCfg = Release|Any CPU
		{84785FA4-63D9-4CCE-BAF7-6D0A45ADD89B}.Release|ARM.Build.0 = Release|Any CPU
		{84785FA4-63D9-4CCE-BAF7-6D0A45ADD89B}.Release|x64.ActiveCfg = Release|Any CPU
		{84785FA4-63D9-4CCE-BAF7-6D0A45ADD89B}.Release|x64.Build.0 = Release|Any CPU
		{84785FA4-63D9-4CCE-BAF7-6D0A45ADD89B}.Release|x86.ActiveCfg = Release|Any CPU
		{84785FA4-63D9-4CCE-BAF7-6D0A45ADD89B}.Release|x86.Build.0 = Release|Any CPU
		{19596819-8CDA-40F8-9488-BC75125B977F}.Debug|Any CPU.ActiveCfg = Debug|Any CPU
		{19596819-8CDA-40F8-9488-BC75125B977F}.Debug|Any CPU.Build.0 = Debug|Any CPU
		{19596819-8CDA-40F8-9488-BC75125B977F}.Debug|ARM.ActiveCfg = Debug|Any CPU
		{19596819-8CDA-40F8-9488-BC75125B977F}.Debug|ARM.Build.0 = Debug|Any CPU
		{19596819-8CDA-40F8-9488-BC75125B977F}.Debug|x64.ActiveCfg = Debug|Any CPU
		{19596819-8CDA-40F8-9488-BC75125B977F}.Debug|x64.Build.0 = Debug|Any CPU
		{19596819-8CDA-40F8-9488-BC75125B977F}.Debug|x86.ActiveCfg = Debug|Any CPU
		{19596819-8CDA-40F8-9488-BC75125B977F}.Debug|x86.Build.0 = Debug|Any CPU
		{19596819-8CDA-40F8-9488-BC75125B977F}.Release|Any CPU.ActiveCfg = Release|Any CPU
		{19596819-8CDA-40F8-9488-BC75125B977F}.Release|Any CPU.Build.0 = Release|Any CPU
		{19596819-8CDA-40F8-9488-BC75125B977F}.Release|ARM.ActiveCfg = Release|Any CPU
		{19596819-8CDA-40F8-9488-BC75125B977F}.Release|ARM.Build.0 = Release|Any CPU
		{19596819-8CDA-40F8-9488-BC75125B977F}.Release|x64.ActiveCfg = Release|Any CPU
		{19596819-8CDA-40F8-9488-BC75125B977F}.Release|x64.Build.0 = Release|Any CPU
		{19596819-8CDA-40F8-9488-BC75125B977F}.Release|x86.ActiveCfg = Release|Any CPU
		{19596819-8CDA-40F8-9488-BC75125B977F}.Release|x86.Build.0 = Release|Any CPU
		{11D5A452-607B-4479-A0E6-B229F129EF86}.Debug|Any CPU.ActiveCfg = Debug|Any CPU
		{11D5A452-607B-4479-A0E6-B229F129EF86}.Debug|Any CPU.Build.0 = Debug|Any CPU
		{11D5A452-607B-4479-A0E6-B229F129EF86}.Debug|ARM.ActiveCfg = Debug|Any CPU
		{11D5A452-607B-4479-A0E6-B229F129EF86}.Debug|ARM.Build.0 = Debug|Any CPU
		{11D5A452-607B-4479-A0E6-B229F129EF86}.Debug|x64.ActiveCfg = Debug|Any CPU
		{11D5A452-607B-4479-A0E6-B229F129EF86}.Debug|x64.Build.0 = Debug|Any CPU
		{11D5A452-607B-4479-A0E6-B229F129EF86}.Debug|x86.ActiveCfg = Debug|Any CPU
		{11D5A452-607B-4479-A0E6-B229F129EF86}.Debug|x86.Build.0 = Debug|Any CPU
		{11D5A452-607B-4479-A0E6-B229F129EF86}.Release|Any CPU.ActiveCfg = Release|Any CPU
		{11D5A452-607B-4479-A0E6-B229F129EF86}.Release|Any CPU.Build.0 = Release|Any CPU
		{11D5A452-607B-4479-A0E6-B229F129EF86}.Release|ARM.ActiveCfg = Release|Any CPU
		{11D5A452-607B-4479-A0E6-B229F129EF86}.Release|ARM.Build.0 = Release|Any CPU
		{11D5A452-607B-4479-A0E6-B229F129EF86}.Release|x64.ActiveCfg = Release|Any CPU
		{11D5A452-607B-4479-A0E6-B229F129EF86}.Release|x64.Build.0 = Release|Any CPU
		{11D5A452-607B-4479-A0E6-B229F129EF86}.Release|x86.ActiveCfg = Release|Any CPU
		{11D5A452-607B-4479-A0E6-B229F129EF86}.Release|x86.Build.0 = Release|Any CPU
		{27819939-5FCA-483F-9EAB-889440922046}.Debug|Any CPU.ActiveCfg = Debug|Any CPU
		{27819939-5FCA-483F-9EAB-889440922046}.Debug|Any CPU.Build.0 = Debug|Any CPU
		{27819939-5FCA-483F-9EAB-889440922046}.Debug|ARM.ActiveCfg = Debug|Any CPU
		{27819939-5FCA-483F-9EAB-889440922046}.Debug|ARM.Build.0 = Debug|Any CPU
		{27819939-5FCA-483F-9EAB-889440922046}.Debug|x64.ActiveCfg = Debug|Any CPU
		{27819939-5FCA-483F-9EAB-889440922046}.Debug|x64.Build.0 = Debug|Any CPU
		{27819939-5FCA-483F-9EAB-889440922046}.Debug|x86.ActiveCfg = Debug|Any CPU
		{27819939-5FCA-483F-9EAB-889440922046}.Debug|x86.Build.0 = Debug|Any CPU
		{27819939-5FCA-483F-9EAB-889440922046}.Release|Any CPU.ActiveCfg = Release|Any CPU
		{27819939-5FCA-483F-9EAB-889440922046}.Release|Any CPU.Build.0 = Release|Any CPU
		{27819939-5FCA-483F-9EAB-889440922046}.Release|ARM.ActiveCfg = Release|Any CPU
		{27819939-5FCA-483F-9EAB-889440922046}.Release|ARM.Build.0 = Release|Any CPU
		{27819939-5FCA-483F-9EAB-889440922046}.Release|x64.ActiveCfg = Release|Any CPU
		{27819939-5FCA-483F-9EAB-889440922046}.Release|x64.Build.0 = Release|Any CPU
		{27819939-5FCA-483F-9EAB-889440922046}.Release|x86.ActiveCfg = Release|Any CPU
		{27819939-5FCA-483F-9EAB-889440922046}.Release|x86.Build.0 = Release|Any CPU
		{947776A6-561E-440F-BCE8-C38D476EBCB1}.Debug|Any CPU.ActiveCfg = Debug|Any CPU
		{947776A6-561E-440F-BCE8-C38D476EBCB1}.Debug|Any CPU.Build.0 = Debug|Any CPU
		{947776A6-561E-440F-BCE8-C38D476EBCB1}.Debug|ARM.ActiveCfg = Debug|Any CPU
		{947776A6-561E-440F-BCE8-C38D476EBCB1}.Debug|ARM.Build.0 = Debug|Any CPU
		{947776A6-561E-440F-BCE8-C38D476EBCB1}.Debug|x64.ActiveCfg = Debug|Any CPU
		{947776A6-561E-440F-BCE8-C38D476EBCB1}.Debug|x64.Build.0 = Debug|Any CPU
		{947776A6-561E-440F-BCE8-C38D476EBCB1}.Debug|x86.ActiveCfg = Debug|Any CPU
		{947776A6-561E-440F-BCE8-C38D476EBCB1}.Debug|x86.Build.0 = Debug|Any CPU
		{947776A6-561E-440F-BCE8-C38D476EBCB1}.Release|Any CPU.ActiveCfg = Release|Any CPU
		{947776A6-561E-440F-BCE8-C38D476EBCB1}.Release|Any CPU.Build.0 = Release|Any CPU
		{947776A6-561E-440F-BCE8-C38D476EBCB1}.Release|ARM.ActiveCfg = Release|Any CPU
		{947776A6-561E-440F-BCE8-C38D476EBCB1}.Release|ARM.Build.0 = Release|Any CPU
		{947776A6-561E-440F-BCE8-C38D476EBCB1}.Release|x64.ActiveCfg = Release|Any CPU
		{947776A6-561E-440F-BCE8-C38D476EBCB1}.Release|x64.Build.0 = Release|Any CPU
		{947776A6-561E-440F-BCE8-C38D476EBCB1}.Release|x86.ActiveCfg = Release|Any CPU
		{947776A6-561E-440F-BCE8-C38D476EBCB1}.Release|x86.Build.0 = Release|Any CPU
		{8B5D1FEC-0F58-40C6-B832-C27D0F44CD1A}.Debug|Any CPU.ActiveCfg = Debug|Any CPU
		{8B5D1FEC-0F58-40C6-B832-C27D0F44CD1A}.Debug|Any CPU.Build.0 = Debug|Any CPU
		{8B5D1FEC-0F58-40C6-B832-C27D0F44CD1A}.Debug|ARM.ActiveCfg = Debug|Any CPU
		{8B5D1FEC-0F58-40C6-B832-C27D0F44CD1A}.Debug|ARM.Build.0 = Debug|Any CPU
		{8B5D1FEC-0F58-40C6-B832-C27D0F44CD1A}.Debug|x64.ActiveCfg = Debug|Any CPU
		{8B5D1FEC-0F58-40C6-B832-C27D0F44CD1A}.Debug|x64.Build.0 = Debug|Any CPU
		{8B5D1FEC-0F58-40C6-B832-C27D0F44CD1A}.Debug|x86.ActiveCfg = Debug|Any CPU
		{8B5D1FEC-0F58-40C6-B832-C27D0F44CD1A}.Debug|x86.Build.0 = Debug|Any CPU
		{8B5D1FEC-0F58-40C6-B832-C27D0F44CD1A}.Release|Any CPU.ActiveCfg = Release|Any CPU
		{8B5D1FEC-0F58-40C6-B832-C27D0F44CD1A}.Release|Any CPU.Build.0 = Release|Any CPU
		{8B5D1FEC-0F58-40C6-B832-C27D0F44CD1A}.Release|ARM.ActiveCfg = Release|Any CPU
		{8B5D1FEC-0F58-40C6-B832-C27D0F44CD1A}.Release|ARM.Build.0 = Release|Any CPU
		{8B5D1FEC-0F58-40C6-B832-C27D0F44CD1A}.Release|x64.ActiveCfg = Release|Any CPU
		{8B5D1FEC-0F58-40C6-B832-C27D0F44CD1A}.Release|x64.Build.0 = Release|Any CPU
		{8B5D1FEC-0F58-40C6-B832-C27D0F44CD1A}.Release|x86.ActiveCfg = Release|Any CPU
		{8B5D1FEC-0F58-40C6-B832-C27D0F44CD1A}.Release|x86.Build.0 = Release|Any CPU
		{0A9E80CC-C253-47E8-B99A-C211D91291D4}.Debug|Any CPU.ActiveCfg = Debug|Any CPU
		{0A9E80CC-C253-47E8-B99A-C211D91291D4}.Debug|Any CPU.Build.0 = Debug|Any CPU
		{0A9E80CC-C253-47E8-B99A-C211D91291D4}.Debug|ARM.ActiveCfg = Debug|Any CPU
		{0A9E80CC-C253-47E8-B99A-C211D91291D4}.Debug|ARM.Build.0 = Debug|Any CPU
		{0A9E80CC-C253-47E8-B99A-C211D91291D4}.Debug|x64.ActiveCfg = Debug|Any CPU
		{0A9E80CC-C253-47E8-B99A-C211D91291D4}.Debug|x64.Build.0 = Debug|Any CPU
		{0A9E80CC-C253-47E8-B99A-C211D91291D4}.Debug|x86.ActiveCfg = Debug|Any CPU
		{0A9E80CC-C253-47E8-B99A-C211D91291D4}.Debug|x86.Build.0 = Debug|Any CPU
		{0A9E80CC-C253-47E8-B99A-C211D91291D4}.Release|Any CPU.ActiveCfg = Release|Any CPU
		{0A9E80CC-C253-47E8-B99A-C211D91291D4}.Release|Any CPU.Build.0 = Release|Any CPU
		{0A9E80CC-C253-47E8-B99A-C211D91291D4}.Release|ARM.ActiveCfg = Release|Any CPU
		{0A9E80CC-C253-47E8-B99A-C211D91291D4}.Release|ARM.Build.0 = Release|Any CPU
		{0A9E80CC-C253-47E8-B99A-C211D91291D4}.Release|x64.ActiveCfg = Release|Any CPU
		{0A9E80CC-C253-47E8-B99A-C211D91291D4}.Release|x64.Build.0 = Release|Any CPU
		{0A9E80CC-C253-47E8-B99A-C211D91291D4}.Release|x86.ActiveCfg = Release|Any CPU
		{0A9E80CC-C253-47E8-B99A-C211D91291D4}.Release|x86.Build.0 = Release|Any CPU
		{F06E381E-0D73-43FB-92BA-719CF5CC826B}.Debug|Any CPU.ActiveCfg = Debug|Any CPU
		{F06E381E-0D73-43FB-92BA-719CF5CC826B}.Debug|Any CPU.Build.0 = Debug|Any CPU
		{F06E381E-0D73-43FB-92BA-719CF5CC826B}.Debug|ARM.ActiveCfg = Debug|Any CPU
		{F06E381E-0D73-43FB-92BA-719CF5CC826B}.Debug|ARM.Build.0 = Debug|Any CPU
		{F06E381E-0D73-43FB-92BA-719CF5CC826B}.Debug|x64.ActiveCfg = Debug|Any CPU
		{F06E381E-0D73-43FB-92BA-719CF5CC826B}.Debug|x64.Build.0 = Debug|Any CPU
		{F06E381E-0D73-43FB-92BA-719CF5CC826B}.Debug|x86.ActiveCfg = Debug|Any CPU
		{F06E381E-0D73-43FB-92BA-719CF5CC826B}.Debug|x86.Build.0 = Debug|Any CPU
		{F06E381E-0D73-43FB-92BA-719CF5CC826B}.Release|Any CPU.ActiveCfg = Release|Any CPU
		{F06E381E-0D73-43FB-92BA-719CF5CC826B}.Release|Any CPU.Build.0 = Release|Any CPU
		{F06E381E-0D73-43FB-92BA-719CF5CC826B}.Release|ARM.ActiveCfg = Release|Any CPU
		{F06E381E-0D73-43FB-92BA-719CF5CC826B}.Release|ARM.Build.0 = Release|Any CPU
		{F06E381E-0D73-43FB-92BA-719CF5CC826B}.Release|x64.ActiveCfg = Release|Any CPU
		{F06E381E-0D73-43FB-92BA-719CF5CC826B}.Release|x64.Build.0 = Release|Any CPU
		{F06E381E-0D73-43FB-92BA-719CF5CC826B}.Release|x86.ActiveCfg = Release|Any CPU
		{F06E381E-0D73-43FB-92BA-719CF5CC826B}.Release|x86.Build.0 = Release|Any CPU
		{B9DE8434-335A-465F-A6E6-3B3E996B69D5}.Debug|Any CPU.ActiveCfg = Debug|Any CPU
		{B9DE8434-335A-465F-A6E6-3B3E996B69D5}.Debug|Any CPU.Build.0 = Debug|Any CPU
		{B9DE8434-335A-465F-A6E6-3B3E996B69D5}.Debug|ARM.ActiveCfg = Debug|Any CPU
		{B9DE8434-335A-465F-A6E6-3B3E996B69D5}.Debug|ARM.Build.0 = Debug|Any CPU
		{B9DE8434-335A-465F-A6E6-3B3E996B69D5}.Debug|x64.ActiveCfg = Debug|Any CPU
		{B9DE8434-335A-465F-A6E6-3B3E996B69D5}.Debug|x64.Build.0 = Debug|Any CPU
		{B9DE8434-335A-465F-A6E6-3B3E996B69D5}.Debug|x86.ActiveCfg = Debug|Any CPU
		{B9DE8434-335A-465F-A6E6-3B3E996B69D5}.Debug|x86.Build.0 = Debug|Any CPU
		{B9DE8434-335A-465F-A6E6-3B3E996B69D5}.Release|Any CPU.ActiveCfg = Release|Any CPU
		{B9DE8434-335A-465F-A6E6-3B3E996B69D5}.Release|Any CPU.Build.0 = Release|Any CPU
		{B9DE8434-335A-465F-A6E6-3B3E996B69D5}.Release|ARM.ActiveCfg = Release|Any CPU
		{B9DE8434-335A-465F-A6E6-3B3E996B69D5}.Release|ARM.Build.0 = Release|Any CPU
		{B9DE8434-335A-465F-A6E6-3B3E996B69D5}.Release|x64.ActiveCfg = Release|Any CPU
		{B9DE8434-335A-465F-A6E6-3B3E996B69D5}.Release|x64.Build.0 = Release|Any CPU
		{B9DE8434-335A-465F-A6E6-3B3E996B69D5}.Release|x86.ActiveCfg = Release|Any CPU
		{B9DE8434-335A-465F-A6E6-3B3E996B69D5}.Release|x86.Build.0 = Release|Any CPU
		{9FCBADF0-AD60-4088-A379-7CACA6BD2743}.Debug|Any CPU.ActiveCfg = Debug|Any CPU
		{9FCBADF0-AD60-4088-A379-7CACA6BD2743}.Debug|Any CPU.Build.0 = Debug|Any CPU
		{9FCBADF0-AD60-4088-A379-7CACA6BD2743}.Debug|ARM.ActiveCfg = Debug|Any CPU
		{9FCBADF0-AD60-4088-A379-7CACA6BD2743}.Debug|ARM.Build.0 = Debug|Any CPU
		{9FCBADF0-AD60-4088-A379-7CACA6BD2743}.Debug|x64.ActiveCfg = Debug|Any CPU
		{9FCBADF0-AD60-4088-A379-7CACA6BD2743}.Debug|x64.Build.0 = Debug|Any CPU
		{9FCBADF0-AD60-4088-A379-7CACA6BD2743}.Debug|x86.ActiveCfg = Debug|Any CPU
		{9FCBADF0-AD60-4088-A379-7CACA6BD2743}.Debug|x86.Build.0 = Debug|Any CPU
		{9FCBADF0-AD60-4088-A379-7CACA6BD2743}.Release|Any CPU.ActiveCfg = Release|Any CPU
		{9FCBADF0-AD60-4088-A379-7CACA6BD2743}.Release|Any CPU.Build.0 = Release|Any CPU
		{9FCBADF0-AD60-4088-A379-7CACA6BD2743}.Release|ARM.ActiveCfg = Release|Any CPU
		{9FCBADF0-AD60-4088-A379-7CACA6BD2743}.Release|ARM.Build.0 = Release|Any CPU
		{9FCBADF0-AD60-4088-A379-7CACA6BD2743}.Release|x64.ActiveCfg = Release|Any CPU
		{9FCBADF0-AD60-4088-A379-7CACA6BD2743}.Release|x64.Build.0 = Release|Any CPU
		{9FCBADF0-AD60-4088-A379-7CACA6BD2743}.Release|x86.ActiveCfg = Release|Any CPU
		{9FCBADF0-AD60-4088-A379-7CACA6BD2743}.Release|x86.Build.0 = Release|Any CPU
		{69F4F945-9473-476A-A222-0348B91795D5}.Debug|Any CPU.ActiveCfg = Debug|Any CPU
		{69F4F945-9473-476A-A222-0348B91795D5}.Debug|Any CPU.Build.0 = Debug|Any CPU
		{69F4F945-9473-476A-A222-0348B91795D5}.Debug|ARM.ActiveCfg = Debug|Any CPU
		{69F4F945-9473-476A-A222-0348B91795D5}.Debug|ARM.Build.0 = Debug|Any CPU
		{69F4F945-9473-476A-A222-0348B91795D5}.Debug|x64.ActiveCfg = Debug|Any CPU
		{69F4F945-9473-476A-A222-0348B91795D5}.Debug|x64.Build.0 = Debug|Any CPU
		{69F4F945-9473-476A-A222-0348B91795D5}.Debug|x86.ActiveCfg = Debug|Any CPU
		{69F4F945-9473-476A-A222-0348B91795D5}.Debug|x86.Build.0 = Debug|Any CPU
		{69F4F945-9473-476A-A222-0348B91795D5}.Release|Any CPU.ActiveCfg = Release|Any CPU
		{69F4F945-9473-476A-A222-0348B91795D5}.Release|Any CPU.Build.0 = Release|Any CPU
		{69F4F945-9473-476A-A222-0348B91795D5}.Release|ARM.ActiveCfg = Release|Any CPU
		{69F4F945-9473-476A-A222-0348B91795D5}.Release|ARM.Build.0 = Release|Any CPU
		{69F4F945-9473-476A-A222-0348B91795D5}.Release|x64.ActiveCfg = Release|Any CPU
		{69F4F945-9473-476A-A222-0348B91795D5}.Release|x64.Build.0 = Release|Any CPU
		{69F4F945-9473-476A-A222-0348B91795D5}.Release|x86.ActiveCfg = Release|Any CPU
		{69F4F945-9473-476A-A222-0348B91795D5}.Release|x86.Build.0 = Release|Any CPU
		{80ECBD59-D578-4694-9AD2-EA4A7BDC47FA}.Debug|Any CPU.ActiveCfg = Debug|Any CPU
		{80ECBD59-D578-4694-9AD2-EA4A7BDC47FA}.Debug|Any CPU.Build.0 = Debug|Any CPU
		{80ECBD59-D578-4694-9AD2-EA4A7BDC47FA}.Debug|ARM.ActiveCfg = Debug|Any CPU
		{80ECBD59-D578-4694-9AD2-EA4A7BDC47FA}.Debug|ARM.Build.0 = Debug|Any CPU
		{80ECBD59-D578-4694-9AD2-EA4A7BDC47FA}.Debug|x64.ActiveCfg = Debug|Any CPU
		{80ECBD59-D578-4694-9AD2-EA4A7BDC47FA}.Debug|x64.Build.0 = Debug|Any CPU
		{80ECBD59-D578-4694-9AD2-EA4A7BDC47FA}.Debug|x86.ActiveCfg = Debug|Any CPU
		{80ECBD59-D578-4694-9AD2-EA4A7BDC47FA}.Debug|x86.Build.0 = Debug|Any CPU
		{80ECBD59-D578-4694-9AD2-EA4A7BDC47FA}.Release|Any CPU.ActiveCfg = Release|Any CPU
		{80ECBD59-D578-4694-9AD2-EA4A7BDC47FA}.Release|Any CPU.Build.0 = Release|Any CPU
		{80ECBD59-D578-4694-9AD2-EA4A7BDC47FA}.Release|ARM.ActiveCfg = Release|Any CPU
		{80ECBD59-D578-4694-9AD2-EA4A7BDC47FA}.Release|ARM.Build.0 = Release|Any CPU
		{80ECBD59-D578-4694-9AD2-EA4A7BDC47FA}.Release|x64.ActiveCfg = Release|Any CPU
		{80ECBD59-D578-4694-9AD2-EA4A7BDC47FA}.Release|x64.Build.0 = Release|Any CPU
		{80ECBD59-D578-4694-9AD2-EA4A7BDC47FA}.Release|x86.ActiveCfg = Release|Any CPU
		{80ECBD59-D578-4694-9AD2-EA4A7BDC47FA}.Release|x86.Build.0 = Release|Any CPU
		{66349C96-4F83-4AF1-96F7-56716460AE6E}.Debug|Any CPU.ActiveCfg = Debug|Any CPU
		{66349C96-4F83-4AF1-96F7-56716460AE6E}.Debug|Any CPU.Build.0 = Debug|Any CPU
		{66349C96-4F83-4AF1-96F7-56716460AE6E}.Debug|ARM.ActiveCfg = Debug|Any CPU
		{66349C96-4F83-4AF1-96F7-56716460AE6E}.Debug|ARM.Build.0 = Debug|Any CPU
		{66349C96-4F83-4AF1-96F7-56716460AE6E}.Debug|x64.ActiveCfg = Debug|Any CPU
		{66349C96-4F83-4AF1-96F7-56716460AE6E}.Debug|x64.Build.0 = Debug|Any CPU
		{66349C96-4F83-4AF1-96F7-56716460AE6E}.Debug|x86.ActiveCfg = Debug|Any CPU
		{66349C96-4F83-4AF1-96F7-56716460AE6E}.Debug|x86.Build.0 = Debug|Any CPU
		{66349C96-4F83-4AF1-96F7-56716460AE6E}.Release|Any CPU.ActiveCfg = Release|Any CPU
		{66349C96-4F83-4AF1-96F7-56716460AE6E}.Release|Any CPU.Build.0 = Release|Any CPU
		{66349C96-4F83-4AF1-96F7-56716460AE6E}.Release|ARM.ActiveCfg = Release|Any CPU
		{66349C96-4F83-4AF1-96F7-56716460AE6E}.Release|ARM.Build.0 = Release|Any CPU
		{66349C96-4F83-4AF1-96F7-56716460AE6E}.Release|x64.ActiveCfg = Release|Any CPU
		{66349C96-4F83-4AF1-96F7-56716460AE6E}.Release|x64.Build.0 = Release|Any CPU
		{66349C96-4F83-4AF1-96F7-56716460AE6E}.Release|x86.ActiveCfg = Release|Any CPU
		{66349C96-4F83-4AF1-96F7-56716460AE6E}.Release|x86.Build.0 = Release|Any CPU
		{ACA37BA8-2029-4576-9D97-4E328F7F0DF4}.Debug|Any CPU.ActiveCfg = Debug|Any CPU
		{ACA37BA8-2029-4576-9D97-4E328F7F0DF4}.Debug|Any CPU.Build.0 = Debug|Any CPU
		{ACA37BA8-2029-4576-9D97-4E328F7F0DF4}.Debug|ARM.ActiveCfg = Debug|Any CPU
		{ACA37BA8-2029-4576-9D97-4E328F7F0DF4}.Debug|ARM.Build.0 = Debug|Any CPU
		{ACA37BA8-2029-4576-9D97-4E328F7F0DF4}.Debug|x64.ActiveCfg = Debug|Any CPU
		{ACA37BA8-2029-4576-9D97-4E328F7F0DF4}.Debug|x64.Build.0 = Debug|Any CPU
		{ACA37BA8-2029-4576-9D97-4E328F7F0DF4}.Debug|x86.ActiveCfg = Debug|Any CPU
		{ACA37BA8-2029-4576-9D97-4E328F7F0DF4}.Debug|x86.Build.0 = Debug|Any CPU
		{ACA37BA8-2029-4576-9D97-4E328F7F0DF4}.Release|Any CPU.ActiveCfg = Release|Any CPU
		{ACA37BA8-2029-4576-9D97-4E328F7F0DF4}.Release|Any CPU.Build.0 = Release|Any CPU
		{ACA37BA8-2029-4576-9D97-4E328F7F0DF4}.Release|ARM.ActiveCfg = Release|Any CPU
		{ACA37BA8-2029-4576-9D97-4E328F7F0DF4}.Release|ARM.Build.0 = Release|Any CPU
		{ACA37BA8-2029-4576-9D97-4E328F7F0DF4}.Release|x64.ActiveCfg = Release|Any CPU
		{ACA37BA8-2029-4576-9D97-4E328F7F0DF4}.Release|x64.Build.0 = Release|Any CPU
		{ACA37BA8-2029-4576-9D97-4E328F7F0DF4}.Release|x86.ActiveCfg = Release|Any CPU
		{ACA37BA8-2029-4576-9D97-4E328F7F0DF4}.Release|x86.Build.0 = Release|Any CPU
		{72636DD9-A3EF-4701-B904-602C9A9008D3}.Debug|Any CPU.ActiveCfg = Debug|Any CPU
		{72636DD9-A3EF-4701-B904-602C9A9008D3}.Debug|Any CPU.Build.0 = Debug|Any CPU
		{72636DD9-A3EF-4701-B904-602C9A9008D3}.Debug|ARM.ActiveCfg = Debug|Any CPU
		{72636DD9-A3EF-4701-B904-602C9A9008D3}.Debug|ARM.Build.0 = Debug|Any CPU
		{72636DD9-A3EF-4701-B904-602C9A9008D3}.Debug|x64.ActiveCfg = Debug|Any CPU
		{72636DD9-A3EF-4701-B904-602C9A9008D3}.Debug|x64.Build.0 = Debug|Any CPU
		{72636DD9-A3EF-4701-B904-602C9A9008D3}.Debug|x86.ActiveCfg = Debug|Any CPU
		{72636DD9-A3EF-4701-B904-602C9A9008D3}.Debug|x86.Build.0 = Debug|Any CPU
		{72636DD9-A3EF-4701-B904-602C9A9008D3}.Release|Any CPU.ActiveCfg = Release|Any CPU
		{72636DD9-A3EF-4701-B904-602C9A9008D3}.Release|Any CPU.Build.0 = Release|Any CPU
		{72636DD9-A3EF-4701-B904-602C9A9008D3}.Release|ARM.ActiveCfg = Release|Any CPU
		{72636DD9-A3EF-4701-B904-602C9A9008D3}.Release|ARM.Build.0 = Release|Any CPU
		{72636DD9-A3EF-4701-B904-602C9A9008D3}.Release|x64.ActiveCfg = Release|Any CPU
		{72636DD9-A3EF-4701-B904-602C9A9008D3}.Release|x64.Build.0 = Release|Any CPU
		{72636DD9-A3EF-4701-B904-602C9A9008D3}.Release|x86.ActiveCfg = Release|Any CPU
		{72636DD9-A3EF-4701-B904-602C9A9008D3}.Release|x86.Build.0 = Release|Any CPU
		{760C5295-9BEC-479F-BE8D-C7FB6B3389EC}.Debug|Any CPU.ActiveCfg = Debug|Any CPU
		{760C5295-9BEC-479F-BE8D-C7FB6B3389EC}.Debug|Any CPU.Build.0 = Debug|Any CPU
		{760C5295-9BEC-479F-BE8D-C7FB6B3389EC}.Debug|ARM.ActiveCfg = Debug|Any CPU
		{760C5295-9BEC-479F-BE8D-C7FB6B3389EC}.Debug|ARM.Build.0 = Debug|Any CPU
		{760C5295-9BEC-479F-BE8D-C7FB6B3389EC}.Debug|x64.ActiveCfg = Debug|Any CPU
		{760C5295-9BEC-479F-BE8D-C7FB6B3389EC}.Debug|x64.Build.0 = Debug|Any CPU
		{760C5295-9BEC-479F-BE8D-C7FB6B3389EC}.Debug|x86.ActiveCfg = Debug|Any CPU
		{760C5295-9BEC-479F-BE8D-C7FB6B3389EC}.Debug|x86.Build.0 = Debug|Any CPU
		{760C5295-9BEC-479F-BE8D-C7FB6B3389EC}.Release|Any CPU.ActiveCfg = Release|Any CPU
		{760C5295-9BEC-479F-BE8D-C7FB6B3389EC}.Release|Any CPU.Build.0 = Release|Any CPU
		{760C5295-9BEC-479F-BE8D-C7FB6B3389EC}.Release|ARM.ActiveCfg = Release|Any CPU
		{760C5295-9BEC-479F-BE8D-C7FB6B3389EC}.Release|ARM.Build.0 = Release|Any CPU
		{760C5295-9BEC-479F-BE8D-C7FB6B3389EC}.Release|x64.ActiveCfg = Release|Any CPU
		{760C5295-9BEC-479F-BE8D-C7FB6B3389EC}.Release|x64.Build.0 = Release|Any CPU
		{760C5295-9BEC-479F-BE8D-C7FB6B3389EC}.Release|x86.ActiveCfg = Release|Any CPU
		{760C5295-9BEC-479F-BE8D-C7FB6B3389EC}.Release|x86.Build.0 = Release|Any CPU
		{A29DC7EB-E91C-479B-9E79-3E071EDF6E13}.Debug|Any CPU.ActiveCfg = Debug|Any CPU
		{A29DC7EB-E91C-479B-9E79-3E071EDF6E13}.Debug|Any CPU.Build.0 = Debug|Any CPU
		{A29DC7EB-E91C-479B-9E79-3E071EDF6E13}.Debug|ARM.ActiveCfg = Debug|Any CPU
		{A29DC7EB-E91C-479B-9E79-3E071EDF6E13}.Debug|ARM.Build.0 = Debug|Any CPU
		{A29DC7EB-E91C-479B-9E79-3E071EDF6E13}.Debug|x64.ActiveCfg = Debug|Any CPU
		{A29DC7EB-E91C-479B-9E79-3E071EDF6E13}.Debug|x64.Build.0 = Debug|Any CPU
		{A29DC7EB-E91C-479B-9E79-3E071EDF6E13}.Debug|x86.ActiveCfg = Debug|Any CPU
		{A29DC7EB-E91C-479B-9E79-3E071EDF6E13}.Debug|x86.Build.0 = Debug|Any CPU
		{A29DC7EB-E91C-479B-9E79-3E071EDF6E13}.Release|Any CPU.ActiveCfg = Release|Any CPU
		{A29DC7EB-E91C-479B-9E79-3E071EDF6E13}.Release|Any CPU.Build.0 = Release|Any CPU
		{A29DC7EB-E91C-479B-9E79-3E071EDF6E13}.Release|ARM.ActiveCfg = Release|Any CPU
		{A29DC7EB-E91C-479B-9E79-3E071EDF6E13}.Release|ARM.Build.0 = Release|Any CPU
		{A29DC7EB-E91C-479B-9E79-3E071EDF6E13}.Release|x64.ActiveCfg = Release|Any CPU
		{A29DC7EB-E91C-479B-9E79-3E071EDF6E13}.Release|x64.Build.0 = Release|Any CPU
		{A29DC7EB-E91C-479B-9E79-3E071EDF6E13}.Release|x86.ActiveCfg = Release|Any CPU
		{A29DC7EB-E91C-479B-9E79-3E071EDF6E13}.Release|x86.Build.0 = Release|Any CPU
		{545D863A-CD36-4C79-A07F-CF82B718FC3E}.Debug|Any CPU.ActiveCfg = Debug|Any CPU
		{545D863A-CD36-4C79-A07F-CF82B718FC3E}.Debug|Any CPU.Build.0 = Debug|Any CPU
		{545D863A-CD36-4C79-A07F-CF82B718FC3E}.Debug|ARM.ActiveCfg = Debug|Any CPU
		{545D863A-CD36-4C79-A07F-CF82B718FC3E}.Debug|ARM.Build.0 = Debug|Any CPU
		{545D863A-CD36-4C79-A07F-CF82B718FC3E}.Debug|x64.ActiveCfg = Debug|Any CPU
		{545D863A-CD36-4C79-A07F-CF82B718FC3E}.Debug|x64.Build.0 = Debug|Any CPU
		{545D863A-CD36-4C79-A07F-CF82B718FC3E}.Debug|x86.ActiveCfg = Debug|Any CPU
		{545D863A-CD36-4C79-A07F-CF82B718FC3E}.Debug|x86.Build.0 = Debug|Any CPU
		{545D863A-CD36-4C79-A07F-CF82B718FC3E}.Release|Any CPU.ActiveCfg = Release|Any CPU
		{545D863A-CD36-4C79-A07F-CF82B718FC3E}.Release|Any CPU.Build.0 = Release|Any CPU
		{545D863A-CD36-4C79-A07F-CF82B718FC3E}.Release|ARM.ActiveCfg = Release|Any CPU
		{545D863A-CD36-4C79-A07F-CF82B718FC3E}.Release|ARM.Build.0 = Release|Any CPU
		{545D863A-CD36-4C79-A07F-CF82B718FC3E}.Release|x64.ActiveCfg = Release|Any CPU
		{545D863A-CD36-4C79-A07F-CF82B718FC3E}.Release|x64.Build.0 = Release|Any CPU
		{545D863A-CD36-4C79-A07F-CF82B718FC3E}.Release|x86.ActiveCfg = Release|Any CPU
		{545D863A-CD36-4C79-A07F-CF82B718FC3E}.Release|x86.Build.0 = Release|Any CPU
		{2BCFC9FE-D961-41D4-BDC3-6FC3B7210DB9}.Debug|Any CPU.ActiveCfg = Debug|Any CPU
		{2BCFC9FE-D961-41D4-BDC3-6FC3B7210DB9}.Debug|Any CPU.Build.0 = Debug|Any CPU
		{2BCFC9FE-D961-41D4-BDC3-6FC3B7210DB9}.Debug|ARM.ActiveCfg = Debug|Any CPU
		{2BCFC9FE-D961-41D4-BDC3-6FC3B7210DB9}.Debug|ARM.Build.0 = Debug|Any CPU
		{2BCFC9FE-D961-41D4-BDC3-6FC3B7210DB9}.Debug|x64.ActiveCfg = Debug|Any CPU
		{2BCFC9FE-D961-41D4-BDC3-6FC3B7210DB9}.Debug|x64.Build.0 = Debug|Any CPU
		{2BCFC9FE-D961-41D4-BDC3-6FC3B7210DB9}.Debug|x86.ActiveCfg = Debug|Any CPU
		{2BCFC9FE-D961-41D4-BDC3-6FC3B7210DB9}.Debug|x86.Build.0 = Debug|Any CPU
		{2BCFC9FE-D961-41D4-BDC3-6FC3B7210DB9}.Release|Any CPU.ActiveCfg = Release|Any CPU
		{2BCFC9FE-D961-41D4-BDC3-6FC3B7210DB9}.Release|Any CPU.Build.0 = Release|Any CPU
		{2BCFC9FE-D961-41D4-BDC3-6FC3B7210DB9}.Release|ARM.ActiveCfg = Release|Any CPU
		{2BCFC9FE-D961-41D4-BDC3-6FC3B7210DB9}.Release|ARM.Build.0 = Release|Any CPU
		{2BCFC9FE-D961-41D4-BDC3-6FC3B7210DB9}.Release|x64.ActiveCfg = Release|Any CPU
		{2BCFC9FE-D961-41D4-BDC3-6FC3B7210DB9}.Release|x64.Build.0 = Release|Any CPU
		{2BCFC9FE-D961-41D4-BDC3-6FC3B7210DB9}.Release|x86.ActiveCfg = Release|Any CPU
		{2BCFC9FE-D961-41D4-BDC3-6FC3B7210DB9}.Release|x86.Build.0 = Release|Any CPU
		{4F3923B8-ACAF-415A-8971-69ACE86E735A}.Debug|Any CPU.ActiveCfg = Debug|Any CPU
		{4F3923B8-ACAF-415A-8971-69ACE86E735A}.Debug|Any CPU.Build.0 = Debug|Any CPU
		{4F3923B8-ACAF-415A-8971-69ACE86E735A}.Debug|ARM.ActiveCfg = Debug|Any CPU
		{4F3923B8-ACAF-415A-8971-69ACE86E735A}.Debug|ARM.Build.0 = Debug|Any CPU
		{4F3923B8-ACAF-415A-8971-69ACE86E735A}.Debug|x64.ActiveCfg = Debug|Any CPU
		{4F3923B8-ACAF-415A-8971-69ACE86E735A}.Debug|x64.Build.0 = Debug|Any CPU
		{4F3923B8-ACAF-415A-8971-69ACE86E735A}.Debug|x86.ActiveCfg = Debug|Any CPU
		{4F3923B8-ACAF-415A-8971-69ACE86E735A}.Debug|x86.Build.0 = Debug|Any CPU
		{4F3923B8-ACAF-415A-8971-69ACE86E735A}.Release|Any CPU.ActiveCfg = Release|Any CPU
		{4F3923B8-ACAF-415A-8971-69ACE86E735A}.Release|Any CPU.Build.0 = Release|Any CPU
		{4F3923B8-ACAF-415A-8971-69ACE86E735A}.Release|ARM.ActiveCfg = Release|Any CPU
		{4F3923B8-ACAF-415A-8971-69ACE86E735A}.Release|ARM.Build.0 = Release|Any CPU
		{4F3923B8-ACAF-415A-8971-69ACE86E735A}.Release|x64.ActiveCfg = Release|Any CPU
		{4F3923B8-ACAF-415A-8971-69ACE86E735A}.Release|x64.Build.0 = Release|Any CPU
		{4F3923B8-ACAF-415A-8971-69ACE86E735A}.Release|x86.ActiveCfg = Release|Any CPU
		{4F3923B8-ACAF-415A-8971-69ACE86E735A}.Release|x86.Build.0 = Release|Any CPU
		{356875B9-86C1-47CB-942F-1E8413EEC42D}.Debug|Any CPU.ActiveCfg = Debug|Any CPU
		{356875B9-86C1-47CB-942F-1E8413EEC42D}.Debug|Any CPU.Build.0 = Debug|Any CPU
		{356875B9-86C1-47CB-942F-1E8413EEC42D}.Debug|ARM.ActiveCfg = Debug|Any CPU
		{356875B9-86C1-47CB-942F-1E8413EEC42D}.Debug|ARM.Build.0 = Debug|Any CPU
		{356875B9-86C1-47CB-942F-1E8413EEC42D}.Debug|x64.ActiveCfg = Debug|Any CPU
		{356875B9-86C1-47CB-942F-1E8413EEC42D}.Debug|x64.Build.0 = Debug|Any CPU
		{356875B9-86C1-47CB-942F-1E8413EEC42D}.Debug|x86.ActiveCfg = Debug|Any CPU
		{356875B9-86C1-47CB-942F-1E8413EEC42D}.Debug|x86.Build.0 = Debug|Any CPU
		{356875B9-86C1-47CB-942F-1E8413EEC42D}.Release|Any CPU.ActiveCfg = Release|Any CPU
		{356875B9-86C1-47CB-942F-1E8413EEC42D}.Release|Any CPU.Build.0 = Release|Any CPU
		{356875B9-86C1-47CB-942F-1E8413EEC42D}.Release|ARM.ActiveCfg = Release|Any CPU
		{356875B9-86C1-47CB-942F-1E8413EEC42D}.Release|ARM.Build.0 = Release|Any CPU
		{356875B9-86C1-47CB-942F-1E8413EEC42D}.Release|x64.ActiveCfg = Release|Any CPU
		{356875B9-86C1-47CB-942F-1E8413EEC42D}.Release|x64.Build.0 = Release|Any CPU
		{356875B9-86C1-47CB-942F-1E8413EEC42D}.Release|x86.ActiveCfg = Release|Any CPU
		{356875B9-86C1-47CB-942F-1E8413EEC42D}.Release|x86.Build.0 = Release|Any CPU
		{8186CEF3-FB20-4BCE-A838-80742CCD0EEA}.Debug|Any CPU.ActiveCfg = Debug|Any CPU
		{8186CEF3-FB20-4BCE-A838-80742CCD0EEA}.Debug|Any CPU.Build.0 = Debug|Any CPU
		{8186CEF3-FB20-4BCE-A838-80742CCD0EEA}.Debug|ARM.ActiveCfg = Debug|Any CPU
		{8186CEF3-FB20-4BCE-A838-80742CCD0EEA}.Debug|ARM.Build.0 = Debug|Any CPU
		{8186CEF3-FB20-4BCE-A838-80742CCD0EEA}.Debug|x64.ActiveCfg = Debug|Any CPU
		{8186CEF3-FB20-4BCE-A838-80742CCD0EEA}.Debug|x64.Build.0 = Debug|Any CPU
		{8186CEF3-FB20-4BCE-A838-80742CCD0EEA}.Debug|x86.ActiveCfg = Debug|Any CPU
		{8186CEF3-FB20-4BCE-A838-80742CCD0EEA}.Debug|x86.Build.0 = Debug|Any CPU
		{8186CEF3-FB20-4BCE-A838-80742CCD0EEA}.Release|Any CPU.ActiveCfg = Release|Any CPU
		{8186CEF3-FB20-4BCE-A838-80742CCD0EEA}.Release|Any CPU.Build.0 = Release|Any CPU
		{8186CEF3-FB20-4BCE-A838-80742CCD0EEA}.Release|ARM.ActiveCfg = Release|Any CPU
		{8186CEF3-FB20-4BCE-A838-80742CCD0EEA}.Release|ARM.Build.0 = Release|Any CPU
		{8186CEF3-FB20-4BCE-A838-80742CCD0EEA}.Release|x64.ActiveCfg = Release|Any CPU
		{8186CEF3-FB20-4BCE-A838-80742CCD0EEA}.Release|x64.Build.0 = Release|Any CPU
		{8186CEF3-FB20-4BCE-A838-80742CCD0EEA}.Release|x86.ActiveCfg = Release|Any CPU
		{8186CEF3-FB20-4BCE-A838-80742CCD0EEA}.Release|x86.Build.0 = Release|Any CPU
		{AFF69391-A837-4A84-814B-2637DC185B60}.Debug|Any CPU.ActiveCfg = Debug|Any CPU
		{AFF69391-A837-4A84-814B-2637DC185B60}.Debug|Any CPU.Build.0 = Debug|Any CPU
		{AFF69391-A837-4A84-814B-2637DC185B60}.Debug|ARM.ActiveCfg = Debug|Any CPU
		{AFF69391-A837-4A84-814B-2637DC185B60}.Debug|ARM.Build.0 = Debug|Any CPU
		{AFF69391-A837-4A84-814B-2637DC185B60}.Debug|x64.ActiveCfg = Debug|Any CPU
		{AFF69391-A837-4A84-814B-2637DC185B60}.Debug|x64.Build.0 = Debug|Any CPU
		{AFF69391-A837-4A84-814B-2637DC185B60}.Debug|x86.ActiveCfg = Debug|Any CPU
		{AFF69391-A837-4A84-814B-2637DC185B60}.Debug|x86.Build.0 = Debug|Any CPU
		{AFF69391-A837-4A84-814B-2637DC185B60}.Release|Any CPU.ActiveCfg = Release|Any CPU
		{AFF69391-A837-4A84-814B-2637DC185B60}.Release|Any CPU.Build.0 = Release|Any CPU
		{AFF69391-A837-4A84-814B-2637DC185B60}.Release|ARM.ActiveCfg = Release|Any CPU
		{AFF69391-A837-4A84-814B-2637DC185B60}.Release|ARM.Build.0 = Release|Any CPU
		{AFF69391-A837-4A84-814B-2637DC185B60}.Release|x64.ActiveCfg = Release|Any CPU
		{AFF69391-A837-4A84-814B-2637DC185B60}.Release|x64.Build.0 = Release|Any CPU
		{AFF69391-A837-4A84-814B-2637DC185B60}.Release|x86.ActiveCfg = Release|Any CPU
		{AFF69391-A837-4A84-814B-2637DC185B60}.Release|x86.Build.0 = Release|Any CPU
		{A875A205-CAF0-4BC2-973C-F93DFC3CF066}.Debug|Any CPU.ActiveCfg = Debug|Any CPU
		{A875A205-CAF0-4BC2-973C-F93DFC3CF066}.Debug|Any CPU.Build.0 = Debug|Any CPU
		{A875A205-CAF0-4BC2-973C-F93DFC3CF066}.Debug|ARM.ActiveCfg = Debug|Any CPU
		{A875A205-CAF0-4BC2-973C-F93DFC3CF066}.Debug|ARM.Build.0 = Debug|Any CPU
		{A875A205-CAF0-4BC2-973C-F93DFC3CF066}.Debug|x64.ActiveCfg = Debug|Any CPU
		{A875A205-CAF0-4BC2-973C-F93DFC3CF066}.Debug|x64.Build.0 = Debug|Any CPU
		{A875A205-CAF0-4BC2-973C-F93DFC3CF066}.Debug|x86.ActiveCfg = Debug|Any CPU
		{A875A205-CAF0-4BC2-973C-F93DFC3CF066}.Debug|x86.Build.0 = Debug|Any CPU
		{A875A205-CAF0-4BC2-973C-F93DFC3CF066}.Release|Any CPU.ActiveCfg = Release|Any CPU
		{A875A205-CAF0-4BC2-973C-F93DFC3CF066}.Release|Any CPU.Build.0 = Release|Any CPU
		{A875A205-CAF0-4BC2-973C-F93DFC3CF066}.Release|ARM.ActiveCfg = Release|Any CPU
		{A875A205-CAF0-4BC2-973C-F93DFC3CF066}.Release|ARM.Build.0 = Release|Any CPU
		{A875A205-CAF0-4BC2-973C-F93DFC3CF066}.Release|x64.ActiveCfg = Release|Any CPU
		{A875A205-CAF0-4BC2-973C-F93DFC3CF066}.Release|x64.Build.0 = Release|Any CPU
		{A875A205-CAF0-4BC2-973C-F93DFC3CF066}.Release|x86.ActiveCfg = Release|Any CPU
		{A875A205-CAF0-4BC2-973C-F93DFC3CF066}.Release|x86.Build.0 = Release|Any CPU
		{8D329E63-5DAE-4C92-B417-CC96F601B98C}.Debug|Any CPU.ActiveCfg = Debug|Any CPU
		{8D329E63-5DAE-4C92-B417-CC96F601B98C}.Debug|Any CPU.Build.0 = Debug|Any CPU
		{8D329E63-5DAE-4C92-B417-CC96F601B98C}.Debug|ARM.ActiveCfg = Debug|Any CPU
		{8D329E63-5DAE-4C92-B417-CC96F601B98C}.Debug|ARM.Build.0 = Debug|Any CPU
		{8D329E63-5DAE-4C92-B417-CC96F601B98C}.Debug|x64.ActiveCfg = Debug|Any CPU
		{8D329E63-5DAE-4C92-B417-CC96F601B98C}.Debug|x64.Build.0 = Debug|Any CPU
		{8D329E63-5DAE-4C92-B417-CC96F601B98C}.Debug|x86.ActiveCfg = Debug|Any CPU
		{8D329E63-5DAE-4C92-B417-CC96F601B98C}.Debug|x86.Build.0 = Debug|Any CPU
		{8D329E63-5DAE-4C92-B417-CC96F601B98C}.Release|Any CPU.ActiveCfg = Release|Any CPU
		{8D329E63-5DAE-4C92-B417-CC96F601B98C}.Release|Any CPU.Build.0 = Release|Any CPU
		{8D329E63-5DAE-4C92-B417-CC96F601B98C}.Release|ARM.ActiveCfg = Release|Any CPU
		{8D329E63-5DAE-4C92-B417-CC96F601B98C}.Release|ARM.Build.0 = Release|Any CPU
		{8D329E63-5DAE-4C92-B417-CC96F601B98C}.Release|x64.ActiveCfg = Release|Any CPU
		{8D329E63-5DAE-4C92-B417-CC96F601B98C}.Release|x64.Build.0 = Release|Any CPU
		{8D329E63-5DAE-4C92-B417-CC96F601B98C}.Release|x86.ActiveCfg = Release|Any CPU
		{8D329E63-5DAE-4C92-B417-CC96F601B98C}.Release|x86.Build.0 = Release|Any CPU
	EndGlobalSection
	GlobalSection(SolutionProperties) = preSolution
		HideSolutionNode = FALSE
	EndGlobalSection
	GlobalSection(NestedProjects) = preSolution
		{5F1ABAB8-4758-4505-A243-E0B94CA5221C} = {AE87AD43-B265-4AF3-9E4B-81678E259253}
		{BA75A11C-559A-4EAF-A338-B7CFA4DC2DFC} = {B379A764-9651-4DE0-A880-BC5A22037A5D}
		{84785FA4-63D9-4CCE-BAF7-6D0A45ADD89B} = {B379A764-9651-4DE0-A880-BC5A22037A5D}
		{8C7381ED-D68B-40D6-8E16-D37D137815FC} = {B379A764-9651-4DE0-A880-BC5A22037A5D}
		{19596819-8CDA-40F8-9488-BC75125B977F} = {8C7381ED-D68B-40D6-8E16-D37D137815FC}
		{11D5A452-607B-4479-A0E6-B229F129EF86} = {8C7381ED-D68B-40D6-8E16-D37D137815FC}
		{27819939-5FCA-483F-9EAB-889440922046} = {AE87AD43-B265-4AF3-9E4B-81678E259253}
		{947776A6-561E-440F-BCE8-C38D476EBCB1} = {8C7381ED-D68B-40D6-8E16-D37D137815FC}
		{8B5D1FEC-0F58-40C6-B832-C27D0F44CD1A} = {8C7381ED-D68B-40D6-8E16-D37D137815FC}
		{0A9E80CC-C253-47E8-B99A-C211D91291D4} = {BBED2F3B-160B-4A7E-A648-4A261A89D90C}
		{F06E381E-0D73-43FB-92BA-719CF5CC826B} = {4491BD92-1B48-43C9-88E6-2EA889280851}
		{B9DE8434-335A-465F-A6E6-3B3E996B69D5} = {4491BD92-1B48-43C9-88E6-2EA889280851}
		{9FCBADF0-AD60-4088-A379-7CACA6BD2743} = {4491BD92-1B48-43C9-88E6-2EA889280851}
		{69F4F945-9473-476A-A222-0348B91795D5} = {B379A764-9651-4DE0-A880-BC5A22037A5D}
		{80ECBD59-D578-4694-9AD2-EA4A7BDC47FA} = {B379A764-9651-4DE0-A880-BC5A22037A5D}
		{66349C96-4F83-4AF1-96F7-56716460AE6E} = {B379A764-9651-4DE0-A880-BC5A22037A5D}
		{ACA37BA8-2029-4576-9D97-4E328F7F0DF4} = {AE87AD43-B265-4AF3-9E4B-81678E259253}
		{72636DD9-A3EF-4701-B904-602C9A9008D3} = {4491BD92-1B48-43C9-88E6-2EA889280851}
		{760C5295-9BEC-479F-BE8D-C7FB6B3389EC} = {BBED2F3B-160B-4A7E-A648-4A261A89D90C}
		{A29DC7EB-E91C-479B-9E79-3E071EDF6E13} = {BBED2F3B-160B-4A7E-A648-4A261A89D90C}
		{545D863A-CD36-4C79-A07F-CF82B718FC3E} = {B379A764-9651-4DE0-A880-BC5A22037A5D}
		{2BCFC9FE-D961-41D4-BDC3-6FC3B7210DB9} = {8C7381ED-D68B-40D6-8E16-D37D137815FC}
		{4F3923B8-ACAF-415A-8971-69ACE86E735A} = {B379A764-9651-4DE0-A880-BC5A22037A5D}
		{356875B9-86C1-47CB-942F-1E8413EEC42D} = {B379A764-9651-4DE0-A880-BC5A22037A5D}
		{8186CEF3-FB20-4BCE-A838-80742CCD0EEA} = {B379A764-9651-4DE0-A880-BC5A22037A5D}
		{AFF69391-A837-4A84-814B-2637DC185B60} = {8C7381ED-D68B-40D6-8E16-D37D137815FC}
		{A875A205-CAF0-4BC2-973C-F93DFC3CF066} = {8C7381ED-D68B-40D6-8E16-D37D137815FC}
		{8D329E63-5DAE-4C92-B417-CC96F601B98C} = {8C7381ED-D68B-40D6-8E16-D37D137815FC}
	EndGlobalSection
	GlobalSection(ExtensibilityGlobals) = postSolution
		SolutionGuid = {BEC93E46-98D1-4CBA-8ED2-5F80D7A35AE3}
	EndGlobalSection
	GlobalSection(Performance) = preSolution
		HasPerformanceSessions = true
	EndGlobalSection
EndGlobal
