
Microsoft Visual Studio Solution File, Format Version 12.00
# Visual Studio 15
VisualStudioVersion = 15.0.27130.2026
MinimumVisualStudioVersion = 10.0.40219.1
Project("{2150E333-8FDC-42A3-9474-1A3956D46DE8}") = "lib", "lib", "{B379A764-9651-4DE0-A880-BC5A22037A5D}"
EndProject
Project("{2150E333-8FDC-42A3-9474-1A3956D46DE8}") = "tools", "tools", "{AE87AD43-B265-4AF3-9E4B-81678E259253}"
EndProject
Project("{2150E333-8FDC-42A3-9474-1A3956D46DE8}") = "editor", "editor", "{BBED2F3B-160B-4A7E-A648-4A261A89D90C}"
EndProject
Project("{2150E333-8FDC-42A3-9474-1A3956D46DE8}") = "modules", "modules", "{8C7381ED-D68B-40D6-8E16-D37D137815FC}"
EndProject
Project("{FAE04EC0-301F-11D3-BF4B-00C04F79EFBC}") = "Xe.Tools.GameStudio", "Xe.Tools.GameStudio\Xe.Tools.GameStudio.csproj", "{5F1ABAB8-4758-4505-A243-E0B94CA5221C}"
EndProject
Project("{FAE04EC0-301F-11D3-BF4B-00C04F79EFBC}") = "Xe.Tools.Builder", "Xe.Tools.Builder\Xe.Tools.Builder.csproj", "{27819939-5FCA-483F-9EAB-889440922046}"
EndProject
Project("{FAE04EC0-301F-11D3-BF4B-00C04F79EFBC}") = "Xe.Tools.Modules.Animation", "Xe.Tools.Modules.Animation\Xe.Tools.Modules.Animation.csproj", "{947776A6-561E-440F-BCE8-C38D476EBCB1}"
EndProject
Project("{FAE04EC0-301F-11D3-BF4B-00C04F79EFBC}") = "Xe.Tools.Modules.Image", "Xe.Tools.Modules.Image\Xe.Tools.Modules.Image.csproj", "{8B5D1FEC-0F58-40C6-B832-C27D0F44CD1A}"
EndProject
Project("{FAE04EC0-301F-11D3-BF4B-00C04F79EFBC}") = "Xe.Tools.Components", "Xe.Tools.Components.Component\Xe.Tools.Components.csproj", "{0A9E80CC-C253-47E8-B99A-C211D91291D4}"
EndProject
Project("{FAE04EC0-301F-11D3-BF4B-00C04F79EFBC}") = "Xe.Tools.MapTest", "Xe.Tools.MapTest\Xe.Tools.MapTest.csproj", "{ACA37BA8-2029-4576-9D97-4E328F7F0DF4}"
EndProject
Project("{FAE04EC0-301F-11D3-BF4B-00C04F79EFBC}") = "Xe.Tools.Components.Image", "Xe.Tools.Components.Image\Xe.Tools.Components.Image.csproj", "{760C5295-9BEC-479F-BE8D-C7FB6B3389EC}"
EndProject
Project("{FAE04EC0-301F-11D3-BF4B-00C04F79EFBC}") = "Xe.Tools.Components.AnimationEditor", "Xe.Tools.Components.AnimationEditor\Xe.Tools.Components.AnimationEditor.csproj", "{A29DC7EB-E91C-479B-9E79-3E071EDF6E13}"
EndProject
Project("{FAE04EC0-301F-11D3-BF4B-00C04F79EFBC}") = "Xe.Tools.Modules.Font", "Xe.Tools.Modules.Font\Xe.Tools.Modules.Font.csproj", "{2BCFC9FE-D961-41D4-BDC3-6FC3B7210DB9}"
EndProject
Project("{FAE04EC0-301F-11D3-BF4B-00C04F79EFBC}") = "Xe.Game.Drawing", "Xe.Game.Drawing\Xe.Game.Drawing.csproj", "{356875B9-86C1-47CB-942F-1E8413EEC42D}"
EndProject
Project("{FAE04EC0-301F-11D3-BF4B-00C04F79EFBC}") = "Xe.Tools.Modules.Tiledmap", "Xe.Tools.Modules.Tiledmap\Xe.Tools.Modules.Tiledmap.csproj", "{AFF69391-A837-4A84-814B-2637DC185B60}"
EndProject
Project("{FAE04EC0-301F-11D3-BF4B-00C04F79EFBC}") = "Xe.Tools.Components.KernelEditor", "Xe.Tools.Components.KernelEditor\Xe.Tools.Components.KernelEditor.csproj", "{3430912E-5E09-44D7-AE8A-528EBDC1458A}"
EndProject
Project("{FAE04EC0-301F-11D3-BF4B-00C04F79EFBC}") = "Xe.Tools.Services", "Xe.Tools.Services\Xe.Tools.Services.csproj", "{240B9F1C-1DBA-4D73-8FC3-7F9EB39B57D5}"
EndProject
Project("{9A19103F-16F7-4668-BE54-9A1E7A4F7556}") = "Tiled", "Tiled\Tiled.csproj", "{2632A519-F583-438E-8568-F055B192A726}"
EndProject
Project("{FAE04EC0-301F-11D3-BF4B-00C04F79EFBC}") = "Xe.Tools.Components.MapEditor", "Xe.Tools.Components.MapEditor\Xe.Tools.Components.MapEditor.csproj", "{47197A2E-2287-4B30-9ADF-EE6921AAF7E9}"
EndProject
Project("{9A19103F-16F7-4668-BE54-9A1E7A4F7556}") = "Xe.Game", "Xe.Game\Xe.Game.csproj", "{B5A0BF08-18E7-406E-82E7-DF72EB113B1B}"
EndProject
Project("{9A19103F-16F7-4668-BE54-9A1E7A4F7556}") = "Xe.Game.Tilemaps.TilemapTiled", "Xe.Game.Tilemaps.TilemapTiled\Xe.Game.Tilemaps.TilemapTiled.csproj", "{891AEBE7-A248-4EF3-9237-50EB124E74DE}"
EndProject
Project("{9A19103F-16F7-4668-BE54-9A1E7A4F7556}") = "Xe.Tools.Modules", "Xe.Tools.Modules\Xe.Tools.Modules.csproj", "{E718E2C4-6C6D-4300-8F96-CEEFAA85E722}"
EndProject
Project("{9A19103F-16F7-4668-BE54-9A1E7A4F7556}") = "Xe.Tools.Modules.Copy", "Xe.Tools.Modules.Copy\Xe.Tools.Modules.Copy.csproj", "{A66BE615-B569-45A2-889F-C3D194600B0D}"
EndProject
Project("{9A19103F-16F7-4668-BE54-9A1E7A4F7556}") = "Xe.Tools.Modules.Kernel", "Xe.Tools.Modules.Kernel\Xe.Tools.Modules.Kernel.csproj", "{D94FC3A2-F773-4BF5-A92F-BAF2AE73BCA8}"
EndProject
Project("{9A19103F-16F7-4668-BE54-9A1E7A4F7556}") = "Xe.Tools.Modules.Message", "Xe.Tools.Modules.Message\Xe.Tools.Modules.Message.csproj", "{31B99465-AE01-4694-90CB-2DEF7DC30764}"
EndProject
Project("{FAE04EC0-301F-11D3-BF4B-00C04F79EFBC}") = "Xe.Tools.Configurator", "Xe.Tools.Configurator\Xe.Tools.Configurator.csproj", "{6D7658E8-FF4D-4C50-9BA5-E30889CB00D1}"
EndProject
Project("{FAE04EC0-301F-11D3-BF4B-00C04F79EFBC}") = "Xe.Tools.Components.TileCollisionEditor", "Xe.Tools.Components.TileCollisionEditor\Xe.Tools.Components.TileCollisionEditor.csproj", "{7A121D57-00D3-42D3-AA21-FD568A845B64}"
EndProject
Project("{9A19103F-16F7-4668-BE54-9A1E7A4F7556}") = "Xe.Tools.Modules.TileCollision", "Xe.Tools.Modules.TileCollision\Xe.Tools.Modules.TileCollision.csproj", "{00030908-6B5C-4589-B525-07196A614E0B}"
EndProject
Project("{FAE04EC0-301F-11D3-BF4B-00C04F79EFBC}") = "Xe.Tools.Components.ParticleEditor", "Xe.Tools.Components.ParticleEditor\Xe.Tools.Components.ParticleEditor.csproj", "{ECC169D6-3A46-4135-93FB-05F5B7A19C34}"
EndProject
Project("{FAE04EC0-301F-11D3-BF4B-00C04F79EFBC}") = "Xe.Tools.Components.SequenceEditor", "Xe.Tools.Components.SequenceEditor\Xe.Tools.Components.SequenceEditor.csproj", "{C7423A30-6310-4718-8B27-2DE60A1DD5B0}"
EndProject
Project("{9A19103F-16F7-4668-BE54-9A1E7A4F7556}") = "Xe.Tools.Modules.ParticleAnim", "Xe.Tools.Modules.ParticleAnim\Xe.Tools.Modules.ParticleAnim.csproj", "{F98EC5AE-E136-49E8-9974-CD9A5EE56ACA}"
EndProject
Project("{FAE04EC0-301F-11D3-BF4B-00C04F79EFBC}") = "Xe.Tools.Components.MessagesEditor", "Xe.Tools.Components.MessagesEditor\Xe.Tools.Components.MessagesEditor.csproj", "{D8BC3CCB-2E2A-4664-8DFC-94433226AE0F}"
EndProject
Project("{2150E333-8FDC-42A3-9474-1A3956D46DE8}") = "XeEngine.Tools.Public", "XeEngine.Tools.Public", "{0C762D35-2BA9-4190-B46B-ABCCEF663843}"
EndProject
Project("{9A19103F-16F7-4668-BE54-9A1E7A4F7556}") = "Xe.Tools", "XeEngine.Tools.Public\Xe.Tools\Xe.Tools.csproj", "{6949EC2F-846A-40E1-955F-F0D06B8AE4E8}"
EndProject
Project("{FAE04EC0-301F-11D3-BF4B-00C04F79EFBC}") = "Xe.Tools.Wpf", "XeEngine.Tools.Public\Xe.Tools.Wpf\Xe.Tools.Wpf.csproj", "{F6E4E1DF-ACC6-4DDE-912F-C6465CB3D393}"
EndProject
Project("{9A19103F-16F7-4668-BE54-9A1E7A4F7556}") = "Xe", "XeEngine.Tools.Public\Xe\Xe.csproj", "{C9CF8F2F-72F5-44CF-BE30-A5466DAD8415}"
EndProject
Project("{9A19103F-16F7-4668-BE54-9A1E7A4F7556}") = "Xe.Drawing", "XeEngine.Tools.Public\Xe.Drawing\Xe.Drawing.csproj", "{A06B8687-C55F-4C29-B53E-15E225BE4CB4}"
EndProject
Project("{FAE04EC0-301F-11D3-BF4B-00C04F79EFBC}") = "Xe.Drawing.Direct2D", "XeEngine.Tools.Public\Xe.Drawing.Direct2D\Xe.Drawing.Direct2D.csproj", "{DDDBF1B8-3370-4D41-8054-E8DF7AE781C0}"
EndProject
Project("{FAE04EC0-301F-11D3-BF4B-00C04F79EFBC}") = "Xe.Drawing.Direct3D", "XeEngine.Tools.Public\Xe.Drawing.Direct3D\Xe.Drawing.Direct3D.csproj", "{C2201D0E-586D-43C4-B430-C144B77C30B7}"
EndProject
Project("{FAE04EC0-301F-11D3-BF4B-00C04F79EFBC}") = "Xe.Drawing.GdiPlus", "XeEngine.Tools.Public\Xe.Drawing.GdiPlus\Xe.Drawing.GdiPlus.csproj", "{546AF9F7-FBB4-4B09-A090-CF0E1397CE62}"
EndProject
Project("{9A19103F-16F7-4668-BE54-9A1E7A4F7556}") = "Xe.Drawing.Null", "XeEngine.Tools.Public\Xe.Drawing.Null\Xe.Drawing.Null.csproj", "{B936B9B1-CF9F-4007-907C-371F05504D9F}"
EndProject
Project("{9A19103F-16F7-4668-BE54-9A1E7A4F7556}") = "Xe.BusinessLogic", "Xe.BusinessLogic\Xe.BusinessLogic.csproj", "{C57850AD-C0B6-4F60-8A88-985A01DCF964}"
EndProject
Project("{FAE04EC0-301F-11D3-BF4B-00C04F79EFBC}") = "Xe.Tools.Wpf.BusinessLogic", "Xe.Tools.Wpf.BusinessLogic\Xe.Tools.Wpf.BusinessLogic.csproj", "{FDBEBF22-0A7F-4AA5-ABB5-B56D3BA0E5A4}"
EndProject
Global
	GlobalSection(SolutionConfigurationPlatforms) = preSolution
		Debug|Any CPU = Debug|Any CPU
		Debug|ARM = Debug|ARM
		Debug|x64 = Debug|x64
		Debug|x86 = Debug|x86
		Release|Any CPU = Release|Any CPU
		Release|ARM = Release|ARM
		Release|x64 = Release|x64
		Release|x86 = Release|x86
	EndGlobalSection
	GlobalSection(ProjectConfigurationPlatforms) = postSolution
		{5F1ABAB8-4758-4505-A243-E0B94CA5221C}.Debug|Any CPU.ActiveCfg = Debug|Any CPU
		{5F1ABAB8-4758-4505-A243-E0B94CA5221C}.Debug|Any CPU.Build.0 = Debug|Any CPU
		{5F1ABAB8-4758-4505-A243-E0B94CA5221C}.Debug|ARM.ActiveCfg = Debug|Any CPU
		{5F1ABAB8-4758-4505-A243-E0B94CA5221C}.Debug|ARM.Build.0 = Debug|Any CPU
		{5F1ABAB8-4758-4505-A243-E0B94CA5221C}.Debug|x64.ActiveCfg = Debug|Any CPU
		{5F1ABAB8-4758-4505-A243-E0B94CA5221C}.Debug|x64.Build.0 = Debug|Any CPU
		{5F1ABAB8-4758-4505-A243-E0B94CA5221C}.Debug|x86.ActiveCfg = Debug|Any CPU
		{5F1ABAB8-4758-4505-A243-E0B94CA5221C}.Debug|x86.Build.0 = Debug|Any CPU
		{5F1ABAB8-4758-4505-A243-E0B94CA5221C}.Release|Any CPU.ActiveCfg = Release|Any CPU
		{5F1ABAB8-4758-4505-A243-E0B94CA5221C}.Release|Any CPU.Build.0 = Release|Any CPU
		{5F1ABAB8-4758-4505-A243-E0B94CA5221C}.Release|ARM.ActiveCfg = Release|Any CPU
		{5F1ABAB8-4758-4505-A243-E0B94CA5221C}.Release|ARM.Build.0 = Release|Any CPU
		{5F1ABAB8-4758-4505-A243-E0B94CA5221C}.Release|x64.ActiveCfg = Release|Any CPU
		{5F1ABAB8-4758-4505-A243-E0B94CA5221C}.Release|x64.Build.0 = Release|Any CPU
		{5F1ABAB8-4758-4505-A243-E0B94CA5221C}.Release|x86.ActiveCfg = Release|Any CPU
		{5F1ABAB8-4758-4505-A243-E0B94CA5221C}.Release|x86.Build.0 = Release|Any CPU
		{27819939-5FCA-483F-9EAB-889440922046}.Debug|Any CPU.ActiveCfg = Debug|Any CPU
		{27819939-5FCA-483F-9EAB-889440922046}.Debug|Any CPU.Build.0 = Debug|Any CPU
		{27819939-5FCA-483F-9EAB-889440922046}.Debug|ARM.ActiveCfg = Debug|Any CPU
		{27819939-5FCA-483F-9EAB-889440922046}.Debug|ARM.Build.0 = Debug|Any CPU
		{27819939-5FCA-483F-9EAB-889440922046}.Debug|x64.ActiveCfg = Debug|Any CPU
		{27819939-5FCA-483F-9EAB-889440922046}.Debug|x64.Build.0 = Debug|Any CPU
		{27819939-5FCA-483F-9EAB-889440922046}.Debug|x86.ActiveCfg = Debug|Any CPU
		{27819939-5FCA-483F-9EAB-889440922046}.Debug|x86.Build.0 = Debug|Any CPU
		{27819939-5FCA-483F-9EAB-889440922046}.Release|Any CPU.ActiveCfg = Release|Any CPU
		{27819939-5FCA-483F-9EAB-889440922046}.Release|Any CPU.Build.0 = Release|Any CPU
		{27819939-5FCA-483F-9EAB-889440922046}.Release|ARM.ActiveCfg = Release|Any CPU
		{27819939-5FCA-483F-9EAB-889440922046}.Release|ARM.Build.0 = Release|Any CPU
		{27819939-5FCA-483F-9EAB-889440922046}.Release|x64.ActiveCfg = Release|Any CPU
		{27819939-5FCA-483F-9EAB-889440922046}.Release|x64.Build.0 = Release|Any CPU
		{27819939-5FCA-483F-9EAB-889440922046}.Release|x86.ActiveCfg = Release|Any CPU
		{27819939-5FCA-483F-9EAB-889440922046}.Release|x86.Build.0 = Release|Any CPU
		{947776A6-561E-440F-BCE8-C38D476EBCB1}.Debug|Any CPU.ActiveCfg = Debug|Any CPU
		{947776A6-561E-440F-BCE8-C38D476EBCB1}.Debug|Any CPU.Build.0 = Debug|Any CPU
		{947776A6-561E-440F-BCE8-C38D476EBCB1}.Debug|ARM.ActiveCfg = Debug|Any CPU
		{947776A6-561E-440F-BCE8-C38D476EBCB1}.Debug|ARM.Build.0 = Debug|Any CPU
		{947776A6-561E-440F-BCE8-C38D476EBCB1}.Debug|x64.ActiveCfg = Debug|Any CPU
		{947776A6-561E-440F-BCE8-C38D476EBCB1}.Debug|x64.Build.0 = Debug|Any CPU
		{947776A6-561E-440F-BCE8-C38D476EBCB1}.Debug|x86.ActiveCfg = Debug|Any CPU
		{947776A6-561E-440F-BCE8-C38D476EBCB1}.Debug|x86.Build.0 = Debug|Any CPU
		{947776A6-561E-440F-BCE8-C38D476EBCB1}.Release|Any CPU.ActiveCfg = Release|Any CPU
		{947776A6-561E-440F-BCE8-C38D476EBCB1}.Release|Any CPU.Build.0 = Release|Any CPU
		{947776A6-561E-440F-BCE8-C38D476EBCB1}.Release|ARM.ActiveCfg = Release|Any CPU
		{947776A6-561E-440F-BCE8-C38D476EBCB1}.Release|ARM.Build.0 = Release|Any CPU
		{947776A6-561E-440F-BCE8-C38D476EBCB1}.Release|x64.ActiveCfg = Release|Any CPU
		{947776A6-561E-440F-BCE8-C38D476EBCB1}.Release|x64.Build.0 = Release|Any CPU
		{947776A6-561E-440F-BCE8-C38D476EBCB1}.Release|x86.ActiveCfg = Release|Any CPU
		{947776A6-561E-440F-BCE8-C38D476EBCB1}.Release|x86.Build.0 = Release|Any CPU
		{8B5D1FEC-0F58-40C6-B832-C27D0F44CD1A}.Debug|Any CPU.ActiveCfg = Debug|Any CPU
		{8B5D1FEC-0F58-40C6-B832-C27D0F44CD1A}.Debug|Any CPU.Build.0 = Debug|Any CPU
		{8B5D1FEC-0F58-40C6-B832-C27D0F44CD1A}.Debug|ARM.ActiveCfg = Debug|Any CPU
		{8B5D1FEC-0F58-40C6-B832-C27D0F44CD1A}.Debug|ARM.Build.0 = Debug|Any CPU
		{8B5D1FEC-0F58-40C6-B832-C27D0F44CD1A}.Debug|x64.ActiveCfg = Debug|Any CPU
		{8B5D1FEC-0F58-40C6-B832-C27D0F44CD1A}.Debug|x64.Build.0 = Debug|Any CPU
		{8B5D1FEC-0F58-40C6-B832-C27D0F44CD1A}.Debug|x86.ActiveCfg = Debug|Any CPU
		{8B5D1FEC-0F58-40C6-B832-C27D0F44CD1A}.Debug|x86.Build.0 = Debug|Any CPU
		{8B5D1FEC-0F58-40C6-B832-C27D0F44CD1A}.Release|Any CPU.ActiveCfg = Release|Any CPU
		{8B5D1FEC-0F58-40C6-B832-C27D0F44CD1A}.Release|Any CPU.Build.0 = Release|Any CPU
		{8B5D1FEC-0F58-40C6-B832-C27D0F44CD1A}.Release|ARM.ActiveCfg = Release|Any CPU
		{8B5D1FEC-0F58-40C6-B832-C27D0F44CD1A}.Release|ARM.Build.0 = Release|Any CPU
		{8B5D1FEC-0F58-40C6-B832-C27D0F44CD1A}.Release|x64.ActiveCfg = Release|Any CPU
		{8B5D1FEC-0F58-40C6-B832-C27D0F44CD1A}.Release|x64.Build.0 = Release|Any CPU
		{8B5D1FEC-0F58-40C6-B832-C27D0F44CD1A}.Release|x86.ActiveCfg = Release|Any CPU
		{8B5D1FEC-0F58-40C6-B832-C27D0F44CD1A}.Release|x86.Build.0 = Release|Any CPU
		{0A9E80CC-C253-47E8-B99A-C211D91291D4}.Debug|Any CPU.ActiveCfg = Debug|Any CPU
		{0A9E80CC-C253-47E8-B99A-C211D91291D4}.Debug|Any CPU.Build.0 = Debug|Any CPU
		{0A9E80CC-C253-47E8-B99A-C211D91291D4}.Debug|ARM.ActiveCfg = Debug|Any CPU
		{0A9E80CC-C253-47E8-B99A-C211D91291D4}.Debug|ARM.Build.0 = Debug|Any CPU
		{0A9E80CC-C253-47E8-B99A-C211D91291D4}.Debug|x64.ActiveCfg = Debug|Any CPU
		{0A9E80CC-C253-47E8-B99A-C211D91291D4}.Debug|x64.Build.0 = Debug|Any CPU
		{0A9E80CC-C253-47E8-B99A-C211D91291D4}.Debug|x86.ActiveCfg = Debug|Any CPU
		{0A9E80CC-C253-47E8-B99A-C211D91291D4}.Debug|x86.Build.0 = Debug|Any CPU
		{0A9E80CC-C253-47E8-B99A-C211D91291D4}.Release|Any CPU.ActiveCfg = Release|Any CPU
		{0A9E80CC-C253-47E8-B99A-C211D91291D4}.Release|Any CPU.Build.0 = Release|Any CPU
		{0A9E80CC-C253-47E8-B99A-C211D91291D4}.Release|ARM.ActiveCfg = Release|Any CPU
		{0A9E80CC-C253-47E8-B99A-C211D91291D4}.Release|ARM.Build.0 = Release|Any CPU
		{0A9E80CC-C253-47E8-B99A-C211D91291D4}.Release|x64.ActiveCfg = Release|Any CPU
		{0A9E80CC-C253-47E8-B99A-C211D91291D4}.Release|x64.Build.0 = Release|Any CPU
		{0A9E80CC-C253-47E8-B99A-C211D91291D4}.Release|x86.ActiveCfg = Release|Any CPU
		{0A9E80CC-C253-47E8-B99A-C211D91291D4}.Release|x86.Build.0 = Release|Any CPU
		{ACA37BA8-2029-4576-9D97-4E328F7F0DF4}.Debug|Any CPU.ActiveCfg = Debug|Any CPU
		{ACA37BA8-2029-4576-9D97-4E328F7F0DF4}.Debug|Any CPU.Build.0 = Debug|Any CPU
		{ACA37BA8-2029-4576-9D97-4E328F7F0DF4}.Debug|ARM.ActiveCfg = Debug|Any CPU
		{ACA37BA8-2029-4576-9D97-4E328F7F0DF4}.Debug|ARM.Build.0 = Debug|Any CPU
		{ACA37BA8-2029-4576-9D97-4E328F7F0DF4}.Debug|x64.ActiveCfg = Debug|Any CPU
		{ACA37BA8-2029-4576-9D97-4E328F7F0DF4}.Debug|x64.Build.0 = Debug|Any CPU
		{ACA37BA8-2029-4576-9D97-4E328F7F0DF4}.Debug|x86.ActiveCfg = Debug|Any CPU
		{ACA37BA8-2029-4576-9D97-4E328F7F0DF4}.Debug|x86.Build.0 = Debug|Any CPU
		{ACA37BA8-2029-4576-9D97-4E328F7F0DF4}.Release|Any CPU.ActiveCfg = Release|Any CPU
		{ACA37BA8-2029-4576-9D97-4E328F7F0DF4}.Release|Any CPU.Build.0 = Release|Any CPU
		{ACA37BA8-2029-4576-9D97-4E328F7F0DF4}.Release|ARM.ActiveCfg = Release|Any CPU
		{ACA37BA8-2029-4576-9D97-4E328F7F0DF4}.Release|ARM.Build.0 = Release|Any CPU
		{ACA37BA8-2029-4576-9D97-4E328F7F0DF4}.Release|x64.ActiveCfg = Release|Any CPU
		{ACA37BA8-2029-4576-9D97-4E328F7F0DF4}.Release|x64.Build.0 = Release|Any CPU
		{ACA37BA8-2029-4576-9D97-4E328F7F0DF4}.Release|x86.ActiveCfg = Release|Any CPU
		{ACA37BA8-2029-4576-9D97-4E328F7F0DF4}.Release|x86.Build.0 = Release|Any CPU
		{760C5295-9BEC-479F-BE8D-C7FB6B3389EC}.Debug|Any CPU.ActiveCfg = Debug|Any CPU
		{760C5295-9BEC-479F-BE8D-C7FB6B3389EC}.Debug|Any CPU.Build.0 = Debug|Any CPU
		{760C5295-9BEC-479F-BE8D-C7FB6B3389EC}.Debug|ARM.ActiveCfg = Debug|Any CPU
		{760C5295-9BEC-479F-BE8D-C7FB6B3389EC}.Debug|ARM.Build.0 = Debug|Any CPU
		{760C5295-9BEC-479F-BE8D-C7FB6B3389EC}.Debug|x64.ActiveCfg = Debug|Any CPU
		{760C5295-9BEC-479F-BE8D-C7FB6B3389EC}.Debug|x64.Build.0 = Debug|Any CPU
		{760C5295-9BEC-479F-BE8D-C7FB6B3389EC}.Debug|x86.ActiveCfg = Debug|Any CPU
		{760C5295-9BEC-479F-BE8D-C7FB6B3389EC}.Debug|x86.Build.0 = Debug|Any CPU
		{760C5295-9BEC-479F-BE8D-C7FB6B3389EC}.Release|Any CPU.ActiveCfg = Release|Any CPU
		{760C5295-9BEC-479F-BE8D-C7FB6B3389EC}.Release|Any CPU.Build.0 = Release|Any CPU
		{760C5295-9BEC-479F-BE8D-C7FB6B3389EC}.Release|ARM.ActiveCfg = Release|Any CPU
		{760C5295-9BEC-479F-BE8D-C7FB6B3389EC}.Release|ARM.Build.0 = Release|Any CPU
		{760C5295-9BEC-479F-BE8D-C7FB6B3389EC}.Release|x64.ActiveCfg = Release|Any CPU
		{760C5295-9BEC-479F-BE8D-C7FB6B3389EC}.Release|x64.Build.0 = Release|Any CPU
		{760C5295-9BEC-479F-BE8D-C7FB6B3389EC}.Release|x86.ActiveCfg = Release|Any CPU
		{760C5295-9BEC-479F-BE8D-C7FB6B3389EC}.Release|x86.Build.0 = Release|Any CPU
		{A29DC7EB-E91C-479B-9E79-3E071EDF6E13}.Debug|Any CPU.ActiveCfg = Debug|Any CPU
		{A29DC7EB-E91C-479B-9E79-3E071EDF6E13}.Debug|Any CPU.Build.0 = Debug|Any CPU
		{A29DC7EB-E91C-479B-9E79-3E071EDF6E13}.Debug|ARM.ActiveCfg = Debug|Any CPU
		{A29DC7EB-E91C-479B-9E79-3E071EDF6E13}.Debug|ARM.Build.0 = Debug|Any CPU
		{A29DC7EB-E91C-479B-9E79-3E071EDF6E13}.Debug|x64.ActiveCfg = Debug|Any CPU
		{A29DC7EB-E91C-479B-9E79-3E071EDF6E13}.Debug|x64.Build.0 = Debug|Any CPU
		{A29DC7EB-E91C-479B-9E79-3E071EDF6E13}.Debug|x86.ActiveCfg = Debug|Any CPU
		{A29DC7EB-E91C-479B-9E79-3E071EDF6E13}.Debug|x86.Build.0 = Debug|Any CPU
		{A29DC7EB-E91C-479B-9E79-3E071EDF6E13}.Release|Any CPU.ActiveCfg = Release|Any CPU
		{A29DC7EB-E91C-479B-9E79-3E071EDF6E13}.Release|Any CPU.Build.0 = Release|Any CPU
		{A29DC7EB-E91C-479B-9E79-3E071EDF6E13}.Release|ARM.ActiveCfg = Release|Any CPU
		{A29DC7EB-E91C-479B-9E79-3E071EDF6E13}.Release|ARM.Build.0 = Release|Any CPU
		{A29DC7EB-E91C-479B-9E79-3E071EDF6E13}.Release|x64.ActiveCfg = Release|Any CPU
		{A29DC7EB-E91C-479B-9E79-3E071EDF6E13}.Release|x64.Build.0 = Release|Any CPU
		{A29DC7EB-E91C-479B-9E79-3E071EDF6E13}.Release|x86.ActiveCfg = Release|Any CPU
		{A29DC7EB-E91C-479B-9E79-3E071EDF6E13}.Release|x86.Build.0 = Release|Any CPU
		{2BCFC9FE-D961-41D4-BDC3-6FC3B7210DB9}.Debug|Any CPU.ActiveCfg = Debug|Any CPU
		{2BCFC9FE-D961-41D4-BDC3-6FC3B7210DB9}.Debug|Any CPU.Build.0 = Debug|Any CPU
		{2BCFC9FE-D961-41D4-BDC3-6FC3B7210DB9}.Debug|ARM.ActiveCfg = Debug|Any CPU
		{2BCFC9FE-D961-41D4-BDC3-6FC3B7210DB9}.Debug|ARM.Build.0 = Debug|Any CPU
		{2BCFC9FE-D961-41D4-BDC3-6FC3B7210DB9}.Debug|x64.ActiveCfg = Debug|Any CPU
		{2BCFC9FE-D961-41D4-BDC3-6FC3B7210DB9}.Debug|x64.Build.0 = Debug|Any CPU
		{2BCFC9FE-D961-41D4-BDC3-6FC3B7210DB9}.Debug|x86.ActiveCfg = Debug|Any CPU
		{2BCFC9FE-D961-41D4-BDC3-6FC3B7210DB9}.Debug|x86.Build.0 = Debug|Any CPU
		{2BCFC9FE-D961-41D4-BDC3-6FC3B7210DB9}.Release|Any CPU.ActiveCfg = Release|Any CPU
		{2BCFC9FE-D961-41D4-BDC3-6FC3B7210DB9}.Release|Any CPU.Build.0 = Release|Any CPU
		{2BCFC9FE-D961-41D4-BDC3-6FC3B7210DB9}.Release|ARM.ActiveCfg = Release|Any CPU
		{2BCFC9FE-D961-41D4-BDC3-6FC3B7210DB9}.Release|ARM.Build.0 = Release|Any CPU
		{2BCFC9FE-D961-41D4-BDC3-6FC3B7210DB9}.Release|x64.ActiveCfg = Release|Any CPU
		{2BCFC9FE-D961-41D4-BDC3-6FC3B7210DB9}.Release|x64.Build.0 = Release|Any CPU
		{2BCFC9FE-D961-41D4-BDC3-6FC3B7210DB9}.Release|x86.ActiveCfg = Release|Any CPU
		{2BCFC9FE-D961-41D4-BDC3-6FC3B7210DB9}.Release|x86.Build.0 = Release|Any CPU
		{356875B9-86C1-47CB-942F-1E8413EEC42D}.Debug|Any CPU.ActiveCfg = Debug|Any CPU
		{356875B9-86C1-47CB-942F-1E8413EEC42D}.Debug|Any CPU.Build.0 = Debug|Any CPU
		{356875B9-86C1-47CB-942F-1E8413EEC42D}.Debug|ARM.ActiveCfg = Debug|Any CPU
		{356875B9-86C1-47CB-942F-1E8413EEC42D}.Debug|ARM.Build.0 = Debug|Any CPU
		{356875B9-86C1-47CB-942F-1E8413EEC42D}.Debug|x64.ActiveCfg = Debug|Any CPU
		{356875B9-86C1-47CB-942F-1E8413EEC42D}.Debug|x64.Build.0 = Debug|Any CPU
		{356875B9-86C1-47CB-942F-1E8413EEC42D}.Debug|x86.ActiveCfg = Debug|Any CPU
		{356875B9-86C1-47CB-942F-1E8413EEC42D}.Debug|x86.Build.0 = Debug|Any CPU
		{356875B9-86C1-47CB-942F-1E8413EEC42D}.Release|Any CPU.ActiveCfg = Release|Any CPU
		{356875B9-86C1-47CB-942F-1E8413EEC42D}.Release|Any CPU.Build.0 = Release|Any CPU
		{356875B9-86C1-47CB-942F-1E8413EEC42D}.Release|ARM.ActiveCfg = Release|Any CPU
		{356875B9-86C1-47CB-942F-1E8413EEC42D}.Release|ARM.Build.0 = Release|Any CPU
		{356875B9-86C1-47CB-942F-1E8413EEC42D}.Release|x64.ActiveCfg = Release|Any CPU
		{356875B9-86C1-47CB-942F-1E8413EEC42D}.Release|x64.Build.0 = Release|Any CPU
		{356875B9-86C1-47CB-942F-1E8413EEC42D}.Release|x86.ActiveCfg = Release|Any CPU
		{356875B9-86C1-47CB-942F-1E8413EEC42D}.Release|x86.Build.0 = Release|Any CPU
		{AFF69391-A837-4A84-814B-2637DC185B60}.Debug|Any CPU.ActiveCfg = Debug|Any CPU
		{AFF69391-A837-4A84-814B-2637DC185B60}.Debug|Any CPU.Build.0 = Debug|Any CPU
		{AFF69391-A837-4A84-814B-2637DC185B60}.Debug|ARM.ActiveCfg = Debug|Any CPU
		{AFF69391-A837-4A84-814B-2637DC185B60}.Debug|ARM.Build.0 = Debug|Any CPU
		{AFF69391-A837-4A84-814B-2637DC185B60}.Debug|x64.ActiveCfg = Debug|Any CPU
		{AFF69391-A837-4A84-814B-2637DC185B60}.Debug|x64.Build.0 = Debug|Any CPU
		{AFF69391-A837-4A84-814B-2637DC185B60}.Debug|x86.ActiveCfg = Debug|Any CPU
		{AFF69391-A837-4A84-814B-2637DC185B60}.Debug|x86.Build.0 = Debug|Any CPU
		{AFF69391-A837-4A84-814B-2637DC185B60}.Release|Any CPU.ActiveCfg = Release|Any CPU
		{AFF69391-A837-4A84-814B-2637DC185B60}.Release|Any CPU.Build.0 = Release|Any CPU
		{AFF69391-A837-4A84-814B-2637DC185B60}.Release|ARM.ActiveCfg = Release|Any CPU
		{AFF69391-A837-4A84-814B-2637DC185B60}.Release|ARM.Build.0 = Release|Any CPU
		{AFF69391-A837-4A84-814B-2637DC185B60}.Release|x64.ActiveCfg = Release|Any CPU
		{AFF69391-A837-4A84-814B-2637DC185B60}.Release|x64.Build.0 = Release|Any CPU
		{AFF69391-A837-4A84-814B-2637DC185B60}.Release|x86.ActiveCfg = Release|Any CPU
		{AFF69391-A837-4A84-814B-2637DC185B60}.Release|x86.Build.0 = Release|Any CPU
		{3430912E-5E09-44D7-AE8A-528EBDC1458A}.Debug|Any CPU.ActiveCfg = Debug|Any CPU
		{3430912E-5E09-44D7-AE8A-528EBDC1458A}.Debug|Any CPU.Build.0 = Debug|Any CPU
		{3430912E-5E09-44D7-AE8A-528EBDC1458A}.Debug|ARM.ActiveCfg = Debug|Any CPU
		{3430912E-5E09-44D7-AE8A-528EBDC1458A}.Debug|ARM.Build.0 = Debug|Any CPU
		{3430912E-5E09-44D7-AE8A-528EBDC1458A}.Debug|x64.ActiveCfg = Debug|Any CPU
		{3430912E-5E09-44D7-AE8A-528EBDC1458A}.Debug|x64.Build.0 = Debug|Any CPU
		{3430912E-5E09-44D7-AE8A-528EBDC1458A}.Debug|x86.ActiveCfg = Debug|Any CPU
		{3430912E-5E09-44D7-AE8A-528EBDC1458A}.Debug|x86.Build.0 = Debug|Any CPU
		{3430912E-5E09-44D7-AE8A-528EBDC1458A}.Release|Any CPU.ActiveCfg = Release|Any CPU
		{3430912E-5E09-44D7-AE8A-528EBDC1458A}.Release|Any CPU.Build.0 = Release|Any CPU
		{3430912E-5E09-44D7-AE8A-528EBDC1458A}.Release|ARM.ActiveCfg = Release|Any CPU
		{3430912E-5E09-44D7-AE8A-528EBDC1458A}.Release|ARM.Build.0 = Release|Any CPU
		{3430912E-5E09-44D7-AE8A-528EBDC1458A}.Release|x64.ActiveCfg = Release|Any CPU
		{3430912E-5E09-44D7-AE8A-528EBDC1458A}.Release|x64.Build.0 = Release|Any CPU
		{3430912E-5E09-44D7-AE8A-528EBDC1458A}.Release|x86.ActiveCfg = Release|Any CPU
		{3430912E-5E09-44D7-AE8A-528EBDC1458A}.Release|x86.Build.0 = Release|Any CPU
		{240B9F1C-1DBA-4D73-8FC3-7F9EB39B57D5}.Debug|Any CPU.ActiveCfg = Debug|Any CPU
		{240B9F1C-1DBA-4D73-8FC3-7F9EB39B57D5}.Debug|Any CPU.Build.0 = Debug|Any CPU
		{240B9F1C-1DBA-4D73-8FC3-7F9EB39B57D5}.Debug|ARM.ActiveCfg = Debug|Any CPU
		{240B9F1C-1DBA-4D73-8FC3-7F9EB39B57D5}.Debug|ARM.Build.0 = Debug|Any CPU
		{240B9F1C-1DBA-4D73-8FC3-7F9EB39B57D5}.Debug|x64.ActiveCfg = Debug|Any CPU
		{240B9F1C-1DBA-4D73-8FC3-7F9EB39B57D5}.Debug|x64.Build.0 = Debug|Any CPU
		{240B9F1C-1DBA-4D73-8FC3-7F9EB39B57D5}.Debug|x86.ActiveCfg = Debug|Any CPU
		{240B9F1C-1DBA-4D73-8FC3-7F9EB39B57D5}.Debug|x86.Build.0 = Debug|Any CPU
		{240B9F1C-1DBA-4D73-8FC3-7F9EB39B57D5}.Release|Any CPU.ActiveCfg = Release|Any CPU
		{240B9F1C-1DBA-4D73-8FC3-7F9EB39B57D5}.Release|Any CPU.Build.0 = Release|Any CPU
		{240B9F1C-1DBA-4D73-8FC3-7F9EB39B57D5}.Release|ARM.ActiveCfg = Release|Any CPU
		{240B9F1C-1DBA-4D73-8FC3-7F9EB39B57D5}.Release|ARM.Build.0 = Release|Any CPU
		{240B9F1C-1DBA-4D73-8FC3-7F9EB39B57D5}.Release|x64.ActiveCfg = Release|Any CPU
		{240B9F1C-1DBA-4D73-8FC3-7F9EB39B57D5}.Release|x64.Build.0 = Release|Any CPU
		{240B9F1C-1DBA-4D73-8FC3-7F9EB39B57D5}.Release|x86.ActiveCfg = Release|Any CPU
		{240B9F1C-1DBA-4D73-8FC3-7F9EB39B57D5}.Release|x86.Build.0 = Release|Any CPU
		{2632A519-F583-438E-8568-F055B192A726}.Debug|Any CPU.ActiveCfg = Debug|Any CPU
		{2632A519-F583-438E-8568-F055B192A726}.Debug|Any CPU.Build.0 = Debug|Any CPU
		{2632A519-F583-438E-8568-F055B192A726}.Debug|ARM.ActiveCfg = Debug|Any CPU
		{2632A519-F583-438E-8568-F055B192A726}.Debug|ARM.Build.0 = Debug|Any CPU
		{2632A519-F583-438E-8568-F055B192A726}.Debug|x64.ActiveCfg = Debug|Any CPU
		{2632A519-F583-438E-8568-F055B192A726}.Debug|x64.Build.0 = Debug|Any CPU
		{2632A519-F583-438E-8568-F055B192A726}.Debug|x86.ActiveCfg = Debug|Any CPU
		{2632A519-F583-438E-8568-F055B192A726}.Debug|x86.Build.0 = Debug|Any CPU
		{2632A519-F583-438E-8568-F055B192A726}.Release|Any CPU.ActiveCfg = Release|Any CPU
		{2632A519-F583-438E-8568-F055B192A726}.Release|Any CPU.Build.0 = Release|Any CPU
		{2632A519-F583-438E-8568-F055B192A726}.Release|ARM.ActiveCfg = Release|Any CPU
		{2632A519-F583-438E-8568-F055B192A726}.Release|ARM.Build.0 = Release|Any CPU
		{2632A519-F583-438E-8568-F055B192A726}.Release|x64.ActiveCfg = Release|Any CPU
		{2632A519-F583-438E-8568-F055B192A726}.Release|x64.Build.0 = Release|Any CPU
		{2632A519-F583-438E-8568-F055B192A726}.Release|x86.ActiveCfg = Release|Any CPU
		{2632A519-F583-438E-8568-F055B192A726}.Release|x86.Build.0 = Release|Any CPU
		{47197A2E-2287-4B30-9ADF-EE6921AAF7E9}.Debug|Any CPU.ActiveCfg = Debug|Any CPU
		{47197A2E-2287-4B30-9ADF-EE6921AAF7E9}.Debug|Any CPU.Build.0 = Debug|Any CPU
		{47197A2E-2287-4B30-9ADF-EE6921AAF7E9}.Debug|ARM.ActiveCfg = Debug|Any CPU
		{47197A2E-2287-4B30-9ADF-EE6921AAF7E9}.Debug|ARM.Build.0 = Debug|Any CPU
		{47197A2E-2287-4B30-9ADF-EE6921AAF7E9}.Debug|x64.ActiveCfg = Debug|Any CPU
		{47197A2E-2287-4B30-9ADF-EE6921AAF7E9}.Debug|x64.Build.0 = Debug|Any CPU
		{47197A2E-2287-4B30-9ADF-EE6921AAF7E9}.Debug|x86.ActiveCfg = Debug|Any CPU
		{47197A2E-2287-4B30-9ADF-EE6921AAF7E9}.Debug|x86.Build.0 = Debug|Any CPU
		{47197A2E-2287-4B30-9ADF-EE6921AAF7E9}.Release|Any CPU.ActiveCfg = Release|Any CPU
		{47197A2E-2287-4B30-9ADF-EE6921AAF7E9}.Release|Any CPU.Build.0 = Release|Any CPU
		{47197A2E-2287-4B30-9ADF-EE6921AAF7E9}.Release|ARM.ActiveCfg = Release|Any CPU
		{47197A2E-2287-4B30-9ADF-EE6921AAF7E9}.Release|ARM.Build.0 = Release|Any CPU
		{47197A2E-2287-4B30-9ADF-EE6921AAF7E9}.Release|x64.ActiveCfg = Release|Any CPU
		{47197A2E-2287-4B30-9ADF-EE6921AAF7E9}.Release|x64.Build.0 = Release|Any CPU
		{47197A2E-2287-4B30-9ADF-EE6921AAF7E9}.Release|x86.ActiveCfg = Release|Any CPU
		{47197A2E-2287-4B30-9ADF-EE6921AAF7E9}.Release|x86.Build.0 = Release|Any CPU
		{B5A0BF08-18E7-406E-82E7-DF72EB113B1B}.Debug|Any CPU.ActiveCfg = Debug|Any CPU
		{B5A0BF08-18E7-406E-82E7-DF72EB113B1B}.Debug|Any CPU.Build.0 = Debug|Any CPU
		{B5A0BF08-18E7-406E-82E7-DF72EB113B1B}.Debug|ARM.ActiveCfg = Debug|Any CPU
		{B5A0BF08-18E7-406E-82E7-DF72EB113B1B}.Debug|ARM.Build.0 = Debug|Any CPU
		{B5A0BF08-18E7-406E-82E7-DF72EB113B1B}.Debug|x64.ActiveCfg = Debug|Any CPU
		{B5A0BF08-18E7-406E-82E7-DF72EB113B1B}.Debug|x64.Build.0 = Debug|Any CPU
		{B5A0BF08-18E7-406E-82E7-DF72EB113B1B}.Debug|x86.ActiveCfg = Debug|Any CPU
		{B5A0BF08-18E7-406E-82E7-DF72EB113B1B}.Debug|x86.Build.0 = Debug|Any CPU
		{B5A0BF08-18E7-406E-82E7-DF72EB113B1B}.Release|Any CPU.ActiveCfg = Release|Any CPU
		{B5A0BF08-18E7-406E-82E7-DF72EB113B1B}.Release|Any CPU.Build.0 = Release|Any CPU
		{B5A0BF08-18E7-406E-82E7-DF72EB113B1B}.Release|ARM.ActiveCfg = Release|Any CPU
		{B5A0BF08-18E7-406E-82E7-DF72EB113B1B}.Release|ARM.Build.0 = Release|Any CPU
		{B5A0BF08-18E7-406E-82E7-DF72EB113B1B}.Release|x64.ActiveCfg = Release|Any CPU
		{B5A0BF08-18E7-406E-82E7-DF72EB113B1B}.Release|x64.Build.0 = Release|Any CPU
		{B5A0BF08-18E7-406E-82E7-DF72EB113B1B}.Release|x86.ActiveCfg = Release|Any CPU
		{B5A0BF08-18E7-406E-82E7-DF72EB113B1B}.Release|x86.Build.0 = Release|Any CPU
		{891AEBE7-A248-4EF3-9237-50EB124E74DE}.Debug|Any CPU.ActiveCfg = Debug|Any CPU
		{891AEBE7-A248-4EF3-9237-50EB124E74DE}.Debug|Any CPU.Build.0 = Debug|Any CPU
		{891AEBE7-A248-4EF3-9237-50EB124E74DE}.Debug|ARM.ActiveCfg = Debug|Any CPU
		{891AEBE7-A248-4EF3-9237-50EB124E74DE}.Debug|ARM.Build.0 = Debug|Any CPU
		{891AEBE7-A248-4EF3-9237-50EB124E74DE}.Debug|x64.ActiveCfg = Debug|Any CPU
		{891AEBE7-A248-4EF3-9237-50EB124E74DE}.Debug|x64.Build.0 = Debug|Any CPU
		{891AEBE7-A248-4EF3-9237-50EB124E74DE}.Debug|x86.ActiveCfg = Debug|Any CPU
		{891AEBE7-A248-4EF3-9237-50EB124E74DE}.Debug|x86.Build.0 = Debug|Any CPU
		{891AEBE7-A248-4EF3-9237-50EB124E74DE}.Release|Any CPU.ActiveCfg = Release|Any CPU
		{891AEBE7-A248-4EF3-9237-50EB124E74DE}.Release|Any CPU.Build.0 = Release|Any CPU
		{891AEBE7-A248-4EF3-9237-50EB124E74DE}.Release|ARM.ActiveCfg = Release|Any CPU
		{891AEBE7-A248-4EF3-9237-50EB124E74DE}.Release|ARM.Build.0 = Release|Any CPU
		{891AEBE7-A248-4EF3-9237-50EB124E74DE}.Release|x64.ActiveCfg = Release|Any CPU
		{891AEBE7-A248-4EF3-9237-50EB124E74DE}.Release|x64.Build.0 = Release|Any CPU
		{891AEBE7-A248-4EF3-9237-50EB124E74DE}.Release|x86.ActiveCfg = Release|Any CPU
		{891AEBE7-A248-4EF3-9237-50EB124E74DE}.Release|x86.Build.0 = Release|Any CPU
		{E718E2C4-6C6D-4300-8F96-CEEFAA85E722}.Debug|Any CPU.ActiveCfg = Debug|Any CPU
		{E718E2C4-6C6D-4300-8F96-CEEFAA85E722}.Debug|Any CPU.Build.0 = Debug|Any CPU
		{E718E2C4-6C6D-4300-8F96-CEEFAA85E722}.Debug|ARM.ActiveCfg = Debug|Any CPU
		{E718E2C4-6C6D-4300-8F96-CEEFAA85E722}.Debug|ARM.Build.0 = Debug|Any CPU
		{E718E2C4-6C6D-4300-8F96-CEEFAA85E722}.Debug|x64.ActiveCfg = Debug|Any CPU
		{E718E2C4-6C6D-4300-8F96-CEEFAA85E722}.Debug|x64.Build.0 = Debug|Any CPU
		{E718E2C4-6C6D-4300-8F96-CEEFAA85E722}.Debug|x86.ActiveCfg = Debug|Any CPU
		{E718E2C4-6C6D-4300-8F96-CEEFAA85E722}.Debug|x86.Build.0 = Debug|Any CPU
		{E718E2C4-6C6D-4300-8F96-CEEFAA85E722}.Release|Any CPU.ActiveCfg = Release|Any CPU
		{E718E2C4-6C6D-4300-8F96-CEEFAA85E722}.Release|Any CPU.Build.0 = Release|Any CPU
		{E718E2C4-6C6D-4300-8F96-CEEFAA85E722}.Release|ARM.ActiveCfg = Release|Any CPU
		{E718E2C4-6C6D-4300-8F96-CEEFAA85E722}.Release|ARM.Build.0 = Release|Any CPU
		{E718E2C4-6C6D-4300-8F96-CEEFAA85E722}.Release|x64.ActiveCfg = Release|Any CPU
		{E718E2C4-6C6D-4300-8F96-CEEFAA85E722}.Release|x64.Build.0 = Release|Any CPU
		{E718E2C4-6C6D-4300-8F96-CEEFAA85E722}.Release|x86.ActiveCfg = Release|Any CPU
		{E718E2C4-6C6D-4300-8F96-CEEFAA85E722}.Release|x86.Build.0 = Release|Any CPU
		{A66BE615-B569-45A2-889F-C3D194600B0D}.Debug|Any CPU.ActiveCfg = Debug|Any CPU
		{A66BE615-B569-45A2-889F-C3D194600B0D}.Debug|Any CPU.Build.0 = Debug|Any CPU
		{A66BE615-B569-45A2-889F-C3D194600B0D}.Debug|ARM.ActiveCfg = Debug|Any CPU
		{A66BE615-B569-45A2-889F-C3D194600B0D}.Debug|ARM.Build.0 = Debug|Any CPU
		{A66BE615-B569-45A2-889F-C3D194600B0D}.Debug|x64.ActiveCfg = Debug|Any CPU
		{A66BE615-B569-45A2-889F-C3D194600B0D}.Debug|x64.Build.0 = Debug|Any CPU
		{A66BE615-B569-45A2-889F-C3D194600B0D}.Debug|x86.ActiveCfg = Debug|Any CPU
		{A66BE615-B569-45A2-889F-C3D194600B0D}.Debug|x86.Build.0 = Debug|Any CPU
		{A66BE615-B569-45A2-889F-C3D194600B0D}.Release|Any CPU.ActiveCfg = Release|Any CPU
		{A66BE615-B569-45A2-889F-C3D194600B0D}.Release|Any CPU.Build.0 = Release|Any CPU
		{A66BE615-B569-45A2-889F-C3D194600B0D}.Release|ARM.ActiveCfg = Release|Any CPU
		{A66BE615-B569-45A2-889F-C3D194600B0D}.Release|ARM.Build.0 = Release|Any CPU
		{A66BE615-B569-45A2-889F-C3D194600B0D}.Release|x64.ActiveCfg = Release|Any CPU
		{A66BE615-B569-45A2-889F-C3D194600B0D}.Release|x64.Build.0 = Release|Any CPU
		{A66BE615-B569-45A2-889F-C3D194600B0D}.Release|x86.ActiveCfg = Release|Any CPU
		{A66BE615-B569-45A2-889F-C3D194600B0D}.Release|x86.Build.0 = Release|Any CPU
		{D94FC3A2-F773-4BF5-A92F-BAF2AE73BCA8}.Debug|Any CPU.ActiveCfg = Debug|Any CPU
		{D94FC3A2-F773-4BF5-A92F-BAF2AE73BCA8}.Debug|Any CPU.Build.0 = Debug|Any CPU
		{D94FC3A2-F773-4BF5-A92F-BAF2AE73BCA8}.Debug|ARM.ActiveCfg = Debug|Any CPU
		{D94FC3A2-F773-4BF5-A92F-BAF2AE73BCA8}.Debug|ARM.Build.0 = Debug|Any CPU
		{D94FC3A2-F773-4BF5-A92F-BAF2AE73BCA8}.Debug|x64.ActiveCfg = Debug|Any CPU
		{D94FC3A2-F773-4BF5-A92F-BAF2AE73BCA8}.Debug|x64.Build.0 = Debug|Any CPU
		{D94FC3A2-F773-4BF5-A92F-BAF2AE73BCA8}.Debug|x86.ActiveCfg = Debug|Any CPU
		{D94FC3A2-F773-4BF5-A92F-BAF2AE73BCA8}.Debug|x86.Build.0 = Debug|Any CPU
		{D94FC3A2-F773-4BF5-A92F-BAF2AE73BCA8}.Release|Any CPU.ActiveCfg = Release|Any CPU
		{D94FC3A2-F773-4BF5-A92F-BAF2AE73BCA8}.Release|Any CPU.Build.0 = Release|Any CPU
		{D94FC3A2-F773-4BF5-A92F-BAF2AE73BCA8}.Release|ARM.ActiveCfg = Release|Any CPU
		{D94FC3A2-F773-4BF5-A92F-BAF2AE73BCA8}.Release|ARM.Build.0 = Release|Any CPU
		{D94FC3A2-F773-4BF5-A92F-BAF2AE73BCA8}.Release|x64.ActiveCfg = Release|Any CPU
		{D94FC3A2-F773-4BF5-A92F-BAF2AE73BCA8}.Release|x64.Build.0 = Release|Any CPU
		{D94FC3A2-F773-4BF5-A92F-BAF2AE73BCA8}.Release|x86.ActiveCfg = Release|Any CPU
		{D94FC3A2-F773-4BF5-A92F-BAF2AE73BCA8}.Release|x86.Build.0 = Release|Any CPU
		{31B99465-AE01-4694-90CB-2DEF7DC30764}.Debug|Any CPU.ActiveCfg = Debug|Any CPU
		{31B99465-AE01-4694-90CB-2DEF7DC30764}.Debug|Any CPU.Build.0 = Debug|Any CPU
		{31B99465-AE01-4694-90CB-2DEF7DC30764}.Debug|ARM.ActiveCfg = Debug|Any CPU
		{31B99465-AE01-4694-90CB-2DEF7DC30764}.Debug|ARM.Build.0 = Debug|Any CPU
		{31B99465-AE01-4694-90CB-2DEF7DC30764}.Debug|x64.ActiveCfg = Debug|Any CPU
		{31B99465-AE01-4694-90CB-2DEF7DC30764}.Debug|x64.Build.0 = Debug|Any CPU
		{31B99465-AE01-4694-90CB-2DEF7DC30764}.Debug|x86.ActiveCfg = Debug|Any CPU
		{31B99465-AE01-4694-90CB-2DEF7DC30764}.Debug|x86.Build.0 = Debug|Any CPU
		{31B99465-AE01-4694-90CB-2DEF7DC30764}.Release|Any CPU.ActiveCfg = Release|Any CPU
		{31B99465-AE01-4694-90CB-2DEF7DC30764}.Release|Any CPU.Build.0 = Release|Any CPU
		{31B99465-AE01-4694-90CB-2DEF7DC30764}.Release|ARM.ActiveCfg = Release|Any CPU
		{31B99465-AE01-4694-90CB-2DEF7DC30764}.Release|ARM.Build.0 = Release|Any CPU
		{31B99465-AE01-4694-90CB-2DEF7DC30764}.Release|x64.ActiveCfg = Release|Any CPU
		{31B99465-AE01-4694-90CB-2DEF7DC30764}.Release|x64.Build.0 = Release|Any CPU
		{31B99465-AE01-4694-90CB-2DEF7DC30764}.Release|x86.ActiveCfg = Release|Any CPU
		{31B99465-AE01-4694-90CB-2DEF7DC30764}.Release|x86.Build.0 = Release|Any CPU
		{6D7658E8-FF4D-4C50-9BA5-E30889CB00D1}.Debug|Any CPU.ActiveCfg = Debug|Any CPU
		{6D7658E8-FF4D-4C50-9BA5-E30889CB00D1}.Debug|Any CPU.Build.0 = Debug|Any CPU
		{6D7658E8-FF4D-4C50-9BA5-E30889CB00D1}.Debug|ARM.ActiveCfg = Debug|Any CPU
		{6D7658E8-FF4D-4C50-9BA5-E30889CB00D1}.Debug|ARM.Build.0 = Debug|Any CPU
		{6D7658E8-FF4D-4C50-9BA5-E30889CB00D1}.Debug|x64.ActiveCfg = Debug|Any CPU
		{6D7658E8-FF4D-4C50-9BA5-E30889CB00D1}.Debug|x64.Build.0 = Debug|Any CPU
		{6D7658E8-FF4D-4C50-9BA5-E30889CB00D1}.Debug|x86.ActiveCfg = Debug|Any CPU
		{6D7658E8-FF4D-4C50-9BA5-E30889CB00D1}.Debug|x86.Build.0 = Debug|Any CPU
		{6D7658E8-FF4D-4C50-9BA5-E30889CB00D1}.Release|Any CPU.ActiveCfg = Release|Any CPU
		{6D7658E8-FF4D-4C50-9BA5-E30889CB00D1}.Release|Any CPU.Build.0 = Release|Any CPU
		{6D7658E8-FF4D-4C50-9BA5-E30889CB00D1}.Release|ARM.ActiveCfg = Release|Any CPU
		{6D7658E8-FF4D-4C50-9BA5-E30889CB00D1}.Release|ARM.Build.0 = Release|Any CPU
		{6D7658E8-FF4D-4C50-9BA5-E30889CB00D1}.Release|x64.ActiveCfg = Release|Any CPU
		{6D7658E8-FF4D-4C50-9BA5-E30889CB00D1}.Release|x64.Build.0 = Release|Any CPU
		{6D7658E8-FF4D-4C50-9BA5-E30889CB00D1}.Release|x86.ActiveCfg = Release|Any CPU
		{6D7658E8-FF4D-4C50-9BA5-E30889CB00D1}.Release|x86.Build.0 = Release|Any CPU
		{7A121D57-00D3-42D3-AA21-FD568A845B64}.Debug|Any CPU.ActiveCfg = Debug|Any CPU
		{7A121D57-00D3-42D3-AA21-FD568A845B64}.Debug|Any CPU.Build.0 = Debug|Any CPU
		{7A121D57-00D3-42D3-AA21-FD568A845B64}.Debug|ARM.ActiveCfg = Debug|Any CPU
		{7A121D57-00D3-42D3-AA21-FD568A845B64}.Debug|ARM.Build.0 = Debug|Any CPU
		{7A121D57-00D3-42D3-AA21-FD568A845B64}.Debug|x64.ActiveCfg = Debug|Any CPU
		{7A121D57-00D3-42D3-AA21-FD568A845B64}.Debug|x64.Build.0 = Debug|Any CPU
		{7A121D57-00D3-42D3-AA21-FD568A845B64}.Debug|x86.ActiveCfg = Debug|Any CPU
		{7A121D57-00D3-42D3-AA21-FD568A845B64}.Debug|x86.Build.0 = Debug|Any CPU
		{7A121D57-00D3-42D3-AA21-FD568A845B64}.Release|Any CPU.ActiveCfg = Release|Any CPU
		{7A121D57-00D3-42D3-AA21-FD568A845B64}.Release|Any CPU.Build.0 = Release|Any CPU
		{7A121D57-00D3-42D3-AA21-FD568A845B64}.Release|ARM.ActiveCfg = Release|Any CPU
		{7A121D57-00D3-42D3-AA21-FD568A845B64}.Release|ARM.Build.0 = Release|Any CPU
		{7A121D57-00D3-42D3-AA21-FD568A845B64}.Release|x64.ActiveCfg = Release|Any CPU
		{7A121D57-00D3-42D3-AA21-FD568A845B64}.Release|x64.Build.0 = Release|Any CPU
		{7A121D57-00D3-42D3-AA21-FD568A845B64}.Release|x86.ActiveCfg = Release|Any CPU
		{7A121D57-00D3-42D3-AA21-FD568A845B64}.Release|x86.Build.0 = Release|Any CPU
		{00030908-6B5C-4589-B525-07196A614E0B}.Debug|Any CPU.ActiveCfg = Debug|Any CPU
		{00030908-6B5C-4589-B525-07196A614E0B}.Debug|Any CPU.Build.0 = Debug|Any CPU
		{00030908-6B5C-4589-B525-07196A614E0B}.Debug|ARM.ActiveCfg = Debug|Any CPU
		{00030908-6B5C-4589-B525-07196A614E0B}.Debug|ARM.Build.0 = Debug|Any CPU
		{00030908-6B5C-4589-B525-07196A614E0B}.Debug|x64.ActiveCfg = Debug|Any CPU
		{00030908-6B5C-4589-B525-07196A614E0B}.Debug|x64.Build.0 = Debug|Any CPU
		{00030908-6B5C-4589-B525-07196A614E0B}.Debug|x86.ActiveCfg = Debug|Any CPU
		{00030908-6B5C-4589-B525-07196A614E0B}.Debug|x86.Build.0 = Debug|Any CPU
		{00030908-6B5C-4589-B525-07196A614E0B}.Release|Any CPU.ActiveCfg = Release|Any CPU
		{00030908-6B5C-4589-B525-07196A614E0B}.Release|Any CPU.Build.0 = Release|Any CPU
		{00030908-6B5C-4589-B525-07196A614E0B}.Release|ARM.ActiveCfg = Release|Any CPU
		{00030908-6B5C-4589-B525-07196A614E0B}.Release|ARM.Build.0 = Release|Any CPU
		{00030908-6B5C-4589-B525-07196A614E0B}.Release|x64.ActiveCfg = Release|Any CPU
		{00030908-6B5C-4589-B525-07196A614E0B}.Release|x64.Build.0 = Release|Any CPU
		{00030908-6B5C-4589-B525-07196A614E0B}.Release|x86.ActiveCfg = Release|Any CPU
		{00030908-6B5C-4589-B525-07196A614E0B}.Release|x86.Build.0 = Release|Any CPU
		{ECC169D6-3A46-4135-93FB-05F5B7A19C34}.Debug|Any CPU.ActiveCfg = Debug|Any CPU
		{ECC169D6-3A46-4135-93FB-05F5B7A19C34}.Debug|Any CPU.Build.0 = Debug|Any CPU
		{ECC169D6-3A46-4135-93FB-05F5B7A19C34}.Debug|ARM.ActiveCfg = Debug|Any CPU
		{ECC169D6-3A46-4135-93FB-05F5B7A19C34}.Debug|ARM.Build.0 = Debug|Any CPU
		{ECC169D6-3A46-4135-93FB-05F5B7A19C34}.Debug|x64.ActiveCfg = Debug|Any CPU
		{ECC169D6-3A46-4135-93FB-05F5B7A19C34}.Debug|x64.Build.0 = Debug|Any CPU
		{ECC169D6-3A46-4135-93FB-05F5B7A19C34}.Debug|x86.ActiveCfg = Debug|Any CPU
		{ECC169D6-3A46-4135-93FB-05F5B7A19C34}.Debug|x86.Build.0 = Debug|Any CPU
		{ECC169D6-3A46-4135-93FB-05F5B7A19C34}.Release|Any CPU.ActiveCfg = Release|Any CPU
		{ECC169D6-3A46-4135-93FB-05F5B7A19C34}.Release|Any CPU.Build.0 = Release|Any CPU
		{ECC169D6-3A46-4135-93FB-05F5B7A19C34}.Release|ARM.ActiveCfg = Release|Any CPU
		{ECC169D6-3A46-4135-93FB-05F5B7A19C34}.Release|ARM.Build.0 = Release|Any CPU
		{ECC169D6-3A46-4135-93FB-05F5B7A19C34}.Release|x64.ActiveCfg = Release|Any CPU
		{ECC169D6-3A46-4135-93FB-05F5B7A19C34}.Release|x64.Build.0 = Release|Any CPU
		{ECC169D6-3A46-4135-93FB-05F5B7A19C34}.Release|x86.ActiveCfg = Release|Any CPU
		{ECC169D6-3A46-4135-93FB-05F5B7A19C34}.Release|x86.Build.0 = Release|Any CPU
		{C7423A30-6310-4718-8B27-2DE60A1DD5B0}.Debug|Any CPU.ActiveCfg = Debug|Any CPU
		{C7423A30-6310-4718-8B27-2DE60A1DD5B0}.Debug|Any CPU.Build.0 = Debug|Any CPU
		{C7423A30-6310-4718-8B27-2DE60A1DD5B0}.Debug|ARM.ActiveCfg = Debug|Any CPU
		{C7423A30-6310-4718-8B27-2DE60A1DD5B0}.Debug|ARM.Build.0 = Debug|Any CPU
		{C7423A30-6310-4718-8B27-2DE60A1DD5B0}.Debug|x64.ActiveCfg = Debug|Any CPU
		{C7423A30-6310-4718-8B27-2DE60A1DD5B0}.Debug|x64.Build.0 = Debug|Any CPU
		{C7423A30-6310-4718-8B27-2DE60A1DD5B0}.Debug|x86.ActiveCfg = Debug|Any CPU
		{C7423A30-6310-4718-8B27-2DE60A1DD5B0}.Debug|x86.Build.0 = Debug|Any CPU
		{C7423A30-6310-4718-8B27-2DE60A1DD5B0}.Release|Any CPU.ActiveCfg = Release|Any CPU
		{C7423A30-6310-4718-8B27-2DE60A1DD5B0}.Release|Any CPU.Build.0 = Release|Any CPU
		{C7423A30-6310-4718-8B27-2DE60A1DD5B0}.Release|ARM.ActiveCfg = Release|Any CPU
		{C7423A30-6310-4718-8B27-2DE60A1DD5B0}.Release|ARM.Build.0 = Release|Any CPU
		{C7423A30-6310-4718-8B27-2DE60A1DD5B0}.Release|x64.ActiveCfg = Release|Any CPU
		{C7423A30-6310-4718-8B27-2DE60A1DD5B0}.Release|x64.Build.0 = Release|Any CPU
		{C7423A30-6310-4718-8B27-2DE60A1DD5B0}.Release|x86.ActiveCfg = Release|Any CPU
		{C7423A30-6310-4718-8B27-2DE60A1DD5B0}.Release|x86.Build.0 = Release|Any CPU
		{F98EC5AE-E136-49E8-9974-CD9A5EE56ACA}.Debug|Any CPU.ActiveCfg = Debug|Any CPU
		{F98EC5AE-E136-49E8-9974-CD9A5EE56ACA}.Debug|Any CPU.Build.0 = Debug|Any CPU
		{F98EC5AE-E136-49E8-9974-CD9A5EE56ACA}.Debug|ARM.ActiveCfg = Debug|Any CPU
		{F98EC5AE-E136-49E8-9974-CD9A5EE56ACA}.Debug|ARM.Build.0 = Debug|Any CPU
		{F98EC5AE-E136-49E8-9974-CD9A5EE56ACA}.Debug|x64.ActiveCfg = Debug|Any CPU
		{F98EC5AE-E136-49E8-9974-CD9A5EE56ACA}.Debug|x64.Build.0 = Debug|Any CPU
		{F98EC5AE-E136-49E8-9974-CD9A5EE56ACA}.Debug|x86.ActiveCfg = Debug|Any CPU
		{F98EC5AE-E136-49E8-9974-CD9A5EE56ACA}.Debug|x86.Build.0 = Debug|Any CPU
		{F98EC5AE-E136-49E8-9974-CD9A5EE56ACA}.Release|Any CPU.ActiveCfg = Release|Any CPU
		{F98EC5AE-E136-49E8-9974-CD9A5EE56ACA}.Release|Any CPU.Build.0 = Release|Any CPU
		{F98EC5AE-E136-49E8-9974-CD9A5EE56ACA}.Release|ARM.ActiveCfg = Release|Any CPU
		{F98EC5AE-E136-49E8-9974-CD9A5EE56ACA}.Release|ARM.Build.0 = Release|Any CPU
		{F98EC5AE-E136-49E8-9974-CD9A5EE56ACA}.Release|x64.ActiveCfg = Release|Any CPU
		{F98EC5AE-E136-49E8-9974-CD9A5EE56ACA}.Release|x64.Build.0 = Release|Any CPU
		{F98EC5AE-E136-49E8-9974-CD9A5EE56ACA}.Release|x86.ActiveCfg = Release|Any CPU
		{F98EC5AE-E136-49E8-9974-CD9A5EE56ACA}.Release|x86.Build.0 = Release|Any CPU
		{D8BC3CCB-2E2A-4664-8DFC-94433226AE0F}.Debug|Any CPU.ActiveCfg = Debug|Any CPU
		{D8BC3CCB-2E2A-4664-8DFC-94433226AE0F}.Debug|Any CPU.Build.0 = Debug|Any CPU
		{D8BC3CCB-2E2A-4664-8DFC-94433226AE0F}.Debug|ARM.ActiveCfg = Debug|Any CPU
		{D8BC3CCB-2E2A-4664-8DFC-94433226AE0F}.Debug|ARM.Build.0 = Debug|Any CPU
		{D8BC3CCB-2E2A-4664-8DFC-94433226AE0F}.Debug|x64.ActiveCfg = Debug|Any CPU
		{D8BC3CCB-2E2A-4664-8DFC-94433226AE0F}.Debug|x64.Build.0 = Debug|Any CPU
		{D8BC3CCB-2E2A-4664-8DFC-94433226AE0F}.Debug|x86.ActiveCfg = Debug|Any CPU
		{D8BC3CCB-2E2A-4664-8DFC-94433226AE0F}.Debug|x86.Build.0 = Debug|Any CPU
		{D8BC3CCB-2E2A-4664-8DFC-94433226AE0F}.Release|Any CPU.ActiveCfg = Release|Any CPU
		{D8BC3CCB-2E2A-4664-8DFC-94433226AE0F}.Release|Any CPU.Build.0 = Release|Any CPU
		{D8BC3CCB-2E2A-4664-8DFC-94433226AE0F}.Release|ARM.ActiveCfg = Release|Any CPU
		{D8BC3CCB-2E2A-4664-8DFC-94433226AE0F}.Release|ARM.Build.0 = Release|Any CPU
		{D8BC3CCB-2E2A-4664-8DFC-94433226AE0F}.Release|x64.ActiveCfg = Release|Any CPU
		{D8BC3CCB-2E2A-4664-8DFC-94433226AE0F}.Release|x64.Build.0 = Release|Any CPU
		{D8BC3CCB-2E2A-4664-8DFC-94433226AE0F}.Release|x86.ActiveCfg = Release|Any CPU
		{D8BC3CCB-2E2A-4664-8DFC-94433226AE0F}.Release|x86.Build.0 = Release|Any CPU
		{6949EC2F-846A-40E1-955F-F0D06B8AE4E8}.Debug|Any CPU.ActiveCfg = Debug|Any CPU
		{6949EC2F-846A-40E1-955F-F0D06B8AE4E8}.Debug|Any CPU.Build.0 = Debug|Any CPU
		{6949EC2F-846A-40E1-955F-F0D06B8AE4E8}.Debug|ARM.ActiveCfg = Debug|Any CPU
		{6949EC2F-846A-40E1-955F-F0D06B8AE4E8}.Debug|ARM.Build.0 = Debug|Any CPU
		{6949EC2F-846A-40E1-955F-F0D06B8AE4E8}.Debug|x64.ActiveCfg = Debug|Any CPU
		{6949EC2F-846A-40E1-955F-F0D06B8AE4E8}.Debug|x64.Build.0 = Debug|Any CPU
		{6949EC2F-846A-40E1-955F-F0D06B8AE4E8}.Debug|x86.ActiveCfg = Debug|Any CPU
		{6949EC2F-846A-40E1-955F-F0D06B8AE4E8}.Debug|x86.Build.0 = Debug|Any CPU
		{6949EC2F-846A-40E1-955F-F0D06B8AE4E8}.Release|Any CPU.ActiveCfg = Release|Any CPU
		{6949EC2F-846A-40E1-955F-F0D06B8AE4E8}.Release|Any CPU.Build.0 = Release|Any CPU
		{6949EC2F-846A-40E1-955F-F0D06B8AE4E8}.Release|ARM.ActiveCfg = Release|Any CPU
		{6949EC2F-846A-40E1-955F-F0D06B8AE4E8}.Release|ARM.Build.0 = Release|Any CPU
		{6949EC2F-846A-40E1-955F-F0D06B8AE4E8}.Release|x64.ActiveCfg = Release|Any CPU
		{6949EC2F-846A-40E1-955F-F0D06B8AE4E8}.Release|x64.Build.0 = Release|Any CPU
		{6949EC2F-846A-40E1-955F-F0D06B8AE4E8}.Release|x86.ActiveCfg = Release|Any CPU
		{6949EC2F-846A-40E1-955F-F0D06B8AE4E8}.Release|x86.Build.0 = Release|Any CPU
		{F6E4E1DF-ACC6-4DDE-912F-C6465CB3D393}.Debug|Any CPU.ActiveCfg = Debug|Any CPU
		{F6E4E1DF-ACC6-4DDE-912F-C6465CB3D393}.Debug|Any CPU.Build.0 = Debug|Any CPU
		{F6E4E1DF-ACC6-4DDE-912F-C6465CB3D393}.Debug|ARM.ActiveCfg = Debug|Any CPU
		{F6E4E1DF-ACC6-4DDE-912F-C6465CB3D393}.Debug|ARM.Build.0 = Debug|Any CPU
		{F6E4E1DF-ACC6-4DDE-912F-C6465CB3D393}.Debug|x64.ActiveCfg = Debug|Any CPU
		{F6E4E1DF-ACC6-4DDE-912F-C6465CB3D393}.Debug|x64.Build.0 = Debug|Any CPU
		{F6E4E1DF-ACC6-4DDE-912F-C6465CB3D393}.Debug|x86.ActiveCfg = Debug|Any CPU
		{F6E4E1DF-ACC6-4DDE-912F-C6465CB3D393}.Debug|x86.Build.0 = Debug|Any CPU
		{F6E4E1DF-ACC6-4DDE-912F-C6465CB3D393}.Release|Any CPU.ActiveCfg = Release|Any CPU
		{F6E4E1DF-ACC6-4DDE-912F-C6465CB3D393}.Release|Any CPU.Build.0 = Release|Any CPU
		{F6E4E1DF-ACC6-4DDE-912F-C6465CB3D393}.Release|ARM.ActiveCfg = Release|Any CPU
		{F6E4E1DF-ACC6-4DDE-912F-C6465CB3D393}.Release|ARM.Build.0 = Release|Any CPU
		{F6E4E1DF-ACC6-4DDE-912F-C6465CB3D393}.Release|x64.ActiveCfg = Release|Any CPU
		{F6E4E1DF-ACC6-4DDE-912F-C6465CB3D393}.Release|x64.Build.0 = Release|Any CPU
		{F6E4E1DF-ACC6-4DDE-912F-C6465CB3D393}.Release|x86.ActiveCfg = Release|Any CPU
		{F6E4E1DF-ACC6-4DDE-912F-C6465CB3D393}.Release|x86.Build.0 = Release|Any CPU
		{C9CF8F2F-72F5-44CF-BE30-A5466DAD8415}.Debug|Any CPU.ActiveCfg = Debug|Any CPU
		{C9CF8F2F-72F5-44CF-BE30-A5466DAD8415}.Debug|Any CPU.Build.0 = Debug|Any CPU
		{C9CF8F2F-72F5-44CF-BE30-A5466DAD8415}.Debug|ARM.ActiveCfg = Debug|Any CPU
		{C9CF8F2F-72F5-44CF-BE30-A5466DAD8415}.Debug|ARM.Build.0 = Debug|Any CPU
		{C9CF8F2F-72F5-44CF-BE30-A5466DAD8415}.Debug|x64.ActiveCfg = Debug|Any CPU
		{C9CF8F2F-72F5-44CF-BE30-A5466DAD8415}.Debug|x64.Build.0 = Debug|Any CPU
		{C9CF8F2F-72F5-44CF-BE30-A5466DAD8415}.Debug|x86.ActiveCfg = Debug|Any CPU
		{C9CF8F2F-72F5-44CF-BE30-A5466DAD8415}.Debug|x86.Build.0 = Debug|Any CPU
		{C9CF8F2F-72F5-44CF-BE30-A5466DAD8415}.Release|Any CPU.ActiveCfg = Release|Any CPU
		{C9CF8F2F-72F5-44CF-BE30-A5466DAD8415}.Release|Any CPU.Build.0 = Release|Any CPU
		{C9CF8F2F-72F5-44CF-BE30-A5466DAD8415}.Release|ARM.ActiveCfg = Release|Any CPU
		{C9CF8F2F-72F5-44CF-BE30-A5466DAD8415}.Release|ARM.Build.0 = Release|Any CPU
		{C9CF8F2F-72F5-44CF-BE30-A5466DAD8415}.Release|x64.ActiveCfg = Release|Any CPU
		{C9CF8F2F-72F5-44CF-BE30-A5466DAD8415}.Release|x64.Build.0 = Release|Any CPU
		{C9CF8F2F-72F5-44CF-BE30-A5466DAD8415}.Release|x86.ActiveCfg = Release|Any CPU
		{C9CF8F2F-72F5-44CF-BE30-A5466DAD8415}.Release|x86.Build.0 = Release|Any CPU
		{A06B8687-C55F-4C29-B53E-15E225BE4CB4}.Debug|Any CPU.ActiveCfg = Debug|Any CPU
		{A06B8687-C55F-4C29-B53E-15E225BE4CB4}.Debug|Any CPU.Build.0 = Debug|Any CPU
		{A06B8687-C55F-4C29-B53E-15E225BE4CB4}.Debug|ARM.ActiveCfg = Debug|Any CPU
		{A06B8687-C55F-4C29-B53E-15E225BE4CB4}.Debug|ARM.Build.0 = Debug|Any CPU
		{A06B8687-C55F-4C29-B53E-15E225BE4CB4}.Debug|x64.ActiveCfg = Debug|Any CPU
		{A06B8687-C55F-4C29-B53E-15E225BE4CB4}.Debug|x64.Build.0 = Debug|Any CPU
		{A06B8687-C55F-4C29-B53E-15E225BE4CB4}.Debug|x86.ActiveCfg = Debug|Any CPU
		{A06B8687-C55F-4C29-B53E-15E225BE4CB4}.Debug|x86.Build.0 = Debug|Any CPU
		{A06B8687-C55F-4C29-B53E-15E225BE4CB4}.Release|Any CPU.ActiveCfg = Release|Any CPU
		{A06B8687-C55F-4C29-B53E-15E225BE4CB4}.Release|Any CPU.Build.0 = Release|Any CPU
		{A06B8687-C55F-4C29-B53E-15E225BE4CB4}.Release|ARM.ActiveCfg = Release|Any CPU
		{A06B8687-C55F-4C29-B53E-15E225BE4CB4}.Release|ARM.Build.0 = Release|Any CPU
		{A06B8687-C55F-4C29-B53E-15E225BE4CB4}.Release|x64.ActiveCfg = Release|Any CPU
		{A06B8687-C55F-4C29-B53E-15E225BE4CB4}.Release|x64.Build.0 = Release|Any CPU
		{A06B8687-C55F-4C29-B53E-15E225BE4CB4}.Release|x86.ActiveCfg = Release|Any CPU
		{A06B8687-C55F-4C29-B53E-15E225BE4CB4}.Release|x86.Build.0 = Release|Any CPU
		{DDDBF1B8-3370-4D41-8054-E8DF7AE781C0}.Debug|Any CPU.ActiveCfg = Debug|Any CPU
		{DDDBF1B8-3370-4D41-8054-E8DF7AE781C0}.Debug|Any CPU.Build.0 = Debug|Any CPU
		{DDDBF1B8-3370-4D41-8054-E8DF7AE781C0}.Debug|ARM.ActiveCfg = Debug|Any CPU
		{DDDBF1B8-3370-4D41-8054-E8DF7AE781C0}.Debug|ARM.Build.0 = Debug|Any CPU
		{DDDBF1B8-3370-4D41-8054-E8DF7AE781C0}.Debug|x64.ActiveCfg = Debug|Any CPU
		{DDDBF1B8-3370-4D41-8054-E8DF7AE781C0}.Debug|x64.Build.0 = Debug|Any CPU
		{DDDBF1B8-3370-4D41-8054-E8DF7AE781C0}.Debug|x86.ActiveCfg = Debug|Any CPU
		{DDDBF1B8-3370-4D41-8054-E8DF7AE781C0}.Debug|x86.Build.0 = Debug|Any CPU
		{DDDBF1B8-3370-4D41-8054-E8DF7AE781C0}.Release|Any CPU.ActiveCfg = Release|Any CPU
		{DDDBF1B8-3370-4D41-8054-E8DF7AE781C0}.Release|Any CPU.Build.0 = Release|Any CPU
		{DDDBF1B8-3370-4D41-8054-E8DF7AE781C0}.Release|ARM.ActiveCfg = Release|Any CPU
		{DDDBF1B8-3370-4D41-8054-E8DF7AE781C0}.Release|ARM.Build.0 = Release|Any CPU
		{DDDBF1B8-3370-4D41-8054-E8DF7AE781C0}.Release|x64.ActiveCfg = Release|Any CPU
		{DDDBF1B8-3370-4D41-8054-E8DF7AE781C0}.Release|x64.Build.0 = Release|Any CPU
		{DDDBF1B8-3370-4D41-8054-E8DF7AE781C0}.Release|x86.ActiveCfg = Release|Any CPU
		{DDDBF1B8-3370-4D41-8054-E8DF7AE781C0}.Release|x86.Build.0 = Release|Any CPU
		{C2201D0E-586D-43C4-B430-C144B77C30B7}.Debug|Any CPU.ActiveCfg = Debug|Any CPU
		{C2201D0E-586D-43C4-B430-C144B77C30B7}.Debug|Any CPU.Build.0 = Debug|Any CPU
		{C2201D0E-586D-43C4-B430-C144B77C30B7}.Debug|ARM.ActiveCfg = Debug|Any CPU
		{C2201D0E-586D-43C4-B430-C144B77C30B7}.Debug|ARM.Build.0 = Debug|Any CPU
		{C2201D0E-586D-43C4-B430-C144B77C30B7}.Debug|x64.ActiveCfg = Debug|Any CPU
		{C2201D0E-586D-43C4-B430-C144B77C30B7}.Debug|x64.Build.0 = Debug|Any CPU
		{C2201D0E-586D-43C4-B430-C144B77C30B7}.Debug|x86.ActiveCfg = Debug|Any CPU
		{C2201D0E-586D-43C4-B430-C144B77C30B7}.Debug|x86.Build.0 = Debug|Any CPU
		{C2201D0E-586D-43C4-B430-C144B77C30B7}.Release|Any CPU.ActiveCfg = Release|Any CPU
		{C2201D0E-586D-43C4-B430-C144B77C30B7}.Release|Any CPU.Build.0 = Release|Any CPU
		{C2201D0E-586D-43C4-B430-C144B77C30B7}.Release|ARM.ActiveCfg = Release|Any CPU
		{C2201D0E-586D-43C4-B430-C144B77C30B7}.Release|ARM.Build.0 = Release|Any CPU
		{C2201D0E-586D-43C4-B430-C144B77C30B7}.Release|x64.ActiveCfg = Release|Any CPU
		{C2201D0E-586D-43C4-B430-C144B77C30B7}.Release|x64.Build.0 = Release|Any CPU
		{C2201D0E-586D-43C4-B430-C144B77C30B7}.Release|x86.ActiveCfg = Release|Any CPU
		{C2201D0E-586D-43C4-B430-C144B77C30B7}.Release|x86.Build.0 = Release|Any CPU
		{546AF9F7-FBB4-4B09-A090-CF0E1397CE62}.Debug|Any CPU.ActiveCfg = Debug|Any CPU
		{546AF9F7-FBB4-4B09-A090-CF0E1397CE62}.Debug|Any CPU.Build.0 = Debug|Any CPU
		{546AF9F7-FBB4-4B09-A090-CF0E1397CE62}.Debug|ARM.ActiveCfg = Debug|Any CPU
		{546AF9F7-FBB4-4B09-A090-CF0E1397CE62}.Debug|ARM.Build.0 = Debug|Any CPU
		{546AF9F7-FBB4-4B09-A090-CF0E1397CE62}.Debug|x64.ActiveCfg = Debug|Any CPU
		{546AF9F7-FBB4-4B09-A090-CF0E1397CE62}.Debug|x64.Build.0 = Debug|Any CPU
		{546AF9F7-FBB4-4B09-A090-CF0E1397CE62}.Debug|x86.ActiveCfg = Debug|Any CPU
		{546AF9F7-FBB4-4B09-A090-CF0E1397CE62}.Debug|x86.Build.0 = Debug|Any CPU
		{546AF9F7-FBB4-4B09-A090-CF0E1397CE62}.Release|Any CPU.ActiveCfg = Release|Any CPU
		{546AF9F7-FBB4-4B09-A090-CF0E1397CE62}.Release|Any CPU.Build.0 = Release|Any CPU
		{546AF9F7-FBB4-4B09-A090-CF0E1397CE62}.Release|ARM.ActiveCfg = Release|Any CPU
		{546AF9F7-FBB4-4B09-A090-CF0E1397CE62}.Release|ARM.Build.0 = Release|Any CPU
		{546AF9F7-FBB4-4B09-A090-CF0E1397CE62}.Release|x64.ActiveCfg = Release|Any CPU
		{546AF9F7-FBB4-4B09-A090-CF0E1397CE62}.Release|x64.Build.0 = Release|Any CPU
		{546AF9F7-FBB4-4B09-A090-CF0E1397CE62}.Release|x86.ActiveCfg = Release|Any CPU
		{546AF9F7-FBB4-4B09-A090-CF0E1397CE62}.Release|x86.Build.0 = Release|Any CPU
		{B936B9B1-CF9F-4007-907C-371F05504D9F}.Debug|Any CPU.ActiveCfg = Debug|Any CPU
		{B936B9B1-CF9F-4007-907C-371F05504D9F}.Debug|Any CPU.Build.0 = Debug|Any CPU
		{B936B9B1-CF9F-4007-907C-371F05504D9F}.Debug|ARM.ActiveCfg = Debug|Any CPU
		{B936B9B1-CF9F-4007-907C-371F05504D9F}.Debug|ARM.Build.0 = Debug|Any CPU
		{B936B9B1-CF9F-4007-907C-371F05504D9F}.Debug|x64.ActiveCfg = Debug|Any CPU
		{B936B9B1-CF9F-4007-907C-371F05504D9F}.Debug|x64.Build.0 = Debug|Any CPU
		{B936B9B1-CF9F-4007-907C-371F05504D9F}.Debug|x86.ActiveCfg = Debug|Any CPU
		{B936B9B1-CF9F-4007-907C-371F05504D9F}.Debug|x86.Build.0 = Debug|Any CPU
		{B936B9B1-CF9F-4007-907C-371F05504D9F}.Release|Any CPU.ActiveCfg = Release|Any CPU
		{B936B9B1-CF9F-4007-907C-371F05504D9F}.Release|Any CPU.Build.0 = Release|Any CPU
		{B936B9B1-CF9F-4007-907C-371F05504D9F}.Release|ARM.ActiveCfg = Release|Any CPU
		{B936B9B1-CF9F-4007-907C-371F05504D9F}.Release|ARM.Build.0 = Release|Any CPU
		{B936B9B1-CF9F-4007-907C-371F05504D9F}.Release|x64.ActiveCfg = Release|Any CPU
		{B936B9B1-CF9F-4007-907C-371F05504D9F}.Release|x64.Build.0 = Release|Any CPU
		{B936B9B1-CF9F-4007-907C-371F05504D9F}.Release|x86.ActiveCfg = Release|Any CPU
		{B936B9B1-CF9F-4007-907C-371F05504D9F}.Release|x86.Build.0 = Release|Any CPU
		{C57850AD-C0B6-4F60-8A88-985A01DCF964}.Debug|Any CPU.ActiveCfg = Debug|Any CPU
		{C57850AD-C0B6-4F60-8A88-985A01DCF964}.Debug|Any CPU.Build.0 = Debug|Any CPU
		{C57850AD-C0B6-4F60-8A88-985A01DCF964}.Debug|ARM.ActiveCfg = Debug|Any CPU
		{C57850AD-C0B6-4F60-8A88-985A01DCF964}.Debug|ARM.Build.0 = Debug|Any CPU
		{C57850AD-C0B6-4F60-8A88-985A01DCF964}.Debug|x64.ActiveCfg = Debug|Any CPU
		{C57850AD-C0B6-4F60-8A88-985A01DCF964}.Debug|x64.Build.0 = Debug|Any CPU
		{C57850AD-C0B6-4F60-8A88-985A01DCF964}.Debug|x86.ActiveCfg = Debug|Any CPU
		{C57850AD-C0B6-4F60-8A88-985A01DCF964}.Debug|x86.Build.0 = Debug|Any CPU
		{C57850AD-C0B6-4F60-8A88-985A01DCF964}.Release|Any CPU.ActiveCfg = Release|Any CPU
		{C57850AD-C0B6-4F60-8A88-985A01DCF964}.Release|Any CPU.Build.0 = Release|Any CPU
		{C57850AD-C0B6-4F60-8A88-985A01DCF964}.Release|ARM.ActiveCfg = Release|Any CPU
		{C57850AD-C0B6-4F60-8A88-985A01DCF964}.Release|ARM.Build.0 = Release|Any CPU
		{C57850AD-C0B6-4F60-8A88-985A01DCF964}.Release|x64.ActiveCfg = Release|Any CPU
		{C57850AD-C0B6-4F60-8A88-985A01DCF964}.Release|x64.Build.0 = Release|Any CPU
		{C57850AD-C0B6-4F60-8A88-985A01DCF964}.Release|x86.ActiveCfg = Release|Any CPU
		{C57850AD-C0B6-4F60-8A88-985A01DCF964}.Release|x86.Build.0 = Release|Any CPU
		{FDBEBF22-0A7F-4AA5-ABB5-B56D3BA0E5A4}.Debug|Any CPU.ActiveCfg = Debug|Any CPU
		{FDBEBF22-0A7F-4AA5-ABB5-B56D3BA0E5A4}.Debug|Any CPU.Build.0 = Debug|Any CPU
		{FDBEBF22-0A7F-4AA5-ABB5-B56D3BA0E5A4}.Debug|ARM.ActiveCfg = Debug|Any CPU
		{FDBEBF22-0A7F-4AA5-ABB5-B56D3BA0E5A4}.Debug|ARM.Build.0 = Debug|Any CPU
		{FDBEBF22-0A7F-4AA5-ABB5-B56D3BA0E5A4}.Debug|x64.ActiveCfg = Debug|Any CPU
		{FDBEBF22-0A7F-4AA5-ABB5-B56D3BA0E5A4}.Debug|x64.Build.0 = Debug|Any CPU
		{FDBEBF22-0A7F-4AA5-ABB5-B56D3BA0E5A4}.Debug|x86.ActiveCfg = Debug|Any CPU
		{FDBEBF22-0A7F-4AA5-ABB5-B56D3BA0E5A4}.Debug|x86.Build.0 = Debug|Any CPU
		{FDBEBF22-0A7F-4AA5-ABB5-B56D3BA0E5A4}.Release|Any CPU.ActiveCfg = Release|Any CPU
		{FDBEBF22-0A7F-4AA5-ABB5-B56D3BA0E5A4}.Release|Any CPU.Build.0 = Release|Any CPU
		{FDBEBF22-0A7F-4AA5-ABB5-B56D3BA0E5A4}.Release|ARM.ActiveCfg = Release|Any CPU
		{FDBEBF22-0A7F-4AA5-ABB5-B56D3BA0E5A4}.Release|ARM.Build.0 = Release|Any CPU
		{FDBEBF22-0A7F-4AA5-ABB5-B56D3BA0E5A4}.Release|x64.ActiveCfg = Release|Any CPU
		{FDBEBF22-0A7F-4AA5-ABB5-B56D3BA0E5A4}.Release|x64.Build.0 = Release|Any CPU
		{FDBEBF22-0A7F-4AA5-ABB5-B56D3BA0E5A4}.Release|x86.ActiveCfg = Release|Any CPU
		{FDBEBF22-0A7F-4AA5-ABB5-B56D3BA0E5A4}.Release|x86.Build.0 = Release|Any CPU
	EndGlobalSection
	GlobalSection(SolutionProperties) = preSolution
		HideSolutionNode = FALSE
	EndGlobalSection
	GlobalSection(NestedProjects) = preSolution
		{8C7381ED-D68B-40D6-8E16-D37D137815FC} = {B379A764-9651-4DE0-A880-BC5A22037A5D}
		{5F1ABAB8-4758-4505-A243-E0B94CA5221C} = {AE87AD43-B265-4AF3-9E4B-81678E259253}
		{27819939-5FCA-483F-9EAB-889440922046} = {AE87AD43-B265-4AF3-9E4B-81678E259253}
		{947776A6-561E-440F-BCE8-C38D476EBCB1} = {8C7381ED-D68B-40D6-8E16-D37D137815FC}
		{8B5D1FEC-0F58-40C6-B832-C27D0F44CD1A} = {8C7381ED-D68B-40D6-8E16-D37D137815FC}
		{0A9E80CC-C253-47E8-B99A-C211D91291D4} = {BBED2F3B-160B-4A7E-A648-4A261A89D90C}
		{ACA37BA8-2029-4576-9D97-4E328F7F0DF4} = {AE87AD43-B265-4AF3-9E4B-81678E259253}
		{760C5295-9BEC-479F-BE8D-C7FB6B3389EC} = {BBED2F3B-160B-4A7E-A648-4A261A89D90C}
		{A29DC7EB-E91C-479B-9E79-3E071EDF6E13} = {BBED2F3B-160B-4A7E-A648-4A261A89D90C}
		{2BCFC9FE-D961-41D4-BDC3-6FC3B7210DB9} = {8C7381ED-D68B-40D6-8E16-D37D137815FC}
		{356875B9-86C1-47CB-942F-1E8413EEC42D} = {B379A764-9651-4DE0-A880-BC5A22037A5D}
		{AFF69391-A837-4A84-814B-2637DC185B60} = {8C7381ED-D68B-40D6-8E16-D37D137815FC}
		{3430912E-5E09-44D7-AE8A-528EBDC1458A} = {BBED2F3B-160B-4A7E-A648-4A261A89D90C}
		{240B9F1C-1DBA-4D73-8FC3-7F9EB39B57D5} = {B379A764-9651-4DE0-A880-BC5A22037A5D}
		{2632A519-F583-438E-8568-F055B192A726} = {B379A764-9651-4DE0-A880-BC5A22037A5D}
		{47197A2E-2287-4B30-9ADF-EE6921AAF7E9} = {BBED2F3B-160B-4A7E-A648-4A261A89D90C}
		{B5A0BF08-18E7-406E-82E7-DF72EB113B1B} = {B379A764-9651-4DE0-A880-BC5A22037A5D}
		{891AEBE7-A248-4EF3-9237-50EB124E74DE} = {B379A764-9651-4DE0-A880-BC5A22037A5D}
		{E718E2C4-6C6D-4300-8F96-CEEFAA85E722} = {8C7381ED-D68B-40D6-8E16-D37D137815FC}
		{A66BE615-B569-45A2-889F-C3D194600B0D} = {8C7381ED-D68B-40D6-8E16-D37D137815FC}
		{D94FC3A2-F773-4BF5-A92F-BAF2AE73BCA8} = {8C7381ED-D68B-40D6-8E16-D37D137815FC}
		{31B99465-AE01-4694-90CB-2DEF7DC30764} = {8C7381ED-D68B-40D6-8E16-D37D137815FC}
		{6D7658E8-FF4D-4C50-9BA5-E30889CB00D1} = {AE87AD43-B265-4AF3-9E4B-81678E259253}
		{7A121D57-00D3-42D3-AA21-FD568A845B64} = {BBED2F3B-160B-4A7E-A648-4A261A89D90C}
		{00030908-6B5C-4589-B525-07196A614E0B} = {8C7381ED-D68B-40D6-8E16-D37D137815FC}
		{ECC169D6-3A46-4135-93FB-05F5B7A19C34} = {BBED2F3B-160B-4A7E-A648-4A261A89D90C}
		{C7423A30-6310-4718-8B27-2DE60A1DD5B0} = {BBED2F3B-160B-4A7E-A648-4A261A89D90C}
		{F98EC5AE-E136-49E8-9974-CD9A5EE56ACA} = {8C7381ED-D68B-40D6-8E16-D37D137815FC}
		{D8BC3CCB-2E2A-4664-8DFC-94433226AE0F} = {BBED2F3B-160B-4A7E-A648-4A261A89D90C}
		{6949EC2F-846A-40E1-955F-F0D06B8AE4E8} = {0C762D35-2BA9-4190-B46B-ABCCEF663843}
		{F6E4E1DF-ACC6-4DDE-912F-C6465CB3D393} = {0C762D35-2BA9-4190-B46B-ABCCEF663843}
		{C9CF8F2F-72F5-44CF-BE30-A5466DAD8415} = {0C762D35-2BA9-4190-B46B-ABCCEF663843}
		{A06B8687-C55F-4C29-B53E-15E225BE4CB4} = {0C762D35-2BA9-4190-B46B-ABCCEF663843}
		{DDDBF1B8-3370-4D41-8054-E8DF7AE781C0} = {0C762D35-2BA9-4190-B46B-ABCCEF663843}
		{C2201D0E-586D-43C4-B430-C144B77C30B7} = {0C762D35-2BA9-4190-B46B-ABCCEF663843}
		{546AF9F7-FBB4-4B09-A090-CF0E1397CE62} = {0C762D35-2BA9-4190-B46B-ABCCEF663843}
		{B936B9B1-CF9F-4007-907C-371F05504D9F} = {0C762D35-2BA9-4190-B46B-ABCCEF663843}
		{C57850AD-C0B6-4F60-8A88-985A01DCF964} = {B379A764-9651-4DE0-A880-BC5A22037A5D}
		{FDBEBF22-0A7F-4AA5-ABB5-B56D3BA0E5A4} = {B379A764-9651-4DE0-A880-BC5A22037A5D}
	EndGlobalSection
	GlobalSection(ExtensibilityGlobals) = postSolution
		SolutionGuid = {BEC93E46-98D1-4CBA-8ED2-5F80D7A35AE3}
	EndGlobalSection
	GlobalSection(Performance) = preSolution
		HasPerformanceSessions = true
	EndGlobalSection
EndGlobal
